Microsoft Visual Studio Solution File, Format Version 10.00
# Visual C++ Express 2008
Project("{8BC9CEB8-8B4A-11D0-8D11-00A0C91BC942}") = "d2x-xl", "VisualC\d2xgl\d2xgl.vcproj", "{1C9AA6BF-147B-4027-848A-B33038B49BFE}"
	ProjectSection(ProjectDependencies) = postProject
		{07CC6507-C2F1-4855-83FB-E68F148DA16F} = {07CC6507-C2F1-4855-83FB-E68F148DA16F}
		{9503F50D-E494-4D2A-9ED1-92CAE426B501} = {9503F50D-E494-4D2A-9ED1-92CAE426B501}
		{7B4A121A-8375-4E9A-9138-DFA458E1AB97} = {7B4A121A-8375-4E9A-9138-DFA458E1AB97}
		{0D0C733B-62AA-45B2-B250-BFDE1E6073AE} = {0D0C733B-62AA-45B2-B250-BFDE1E6073AE}
		{DD09F861-A996-4F9C-87B3-8AE7FBBCF74E} = {DD09F861-A996-4F9C-87B3-8AE7FBBCF74E}
		{CC8D236E-AF28-441D-9BE0-3B165F790796} = {CC8D236E-AF28-441D-9BE0-3B165F790796}
		{536BCE91-9AA3-447D-9A5F-1A0FF6FCE533} = {536BCE91-9AA3-447D-9A5F-1A0FF6FCE533}
		{0F54D797-C2FD-4C18-AC4E-7A6917997534} = {0F54D797-C2FD-4C18-AC4E-7A6917997534}
		{D27227AC-13CC-4901-9F73-A184D7CB24AD} = {D27227AC-13CC-4901-9F73-A184D7CB24AD}
		{763BB4E3-C9A0-469F-98B4-8604A8484560} = {763BB4E3-C9A0-469F-98B4-8604A8484560}
		{59A1CFE7-1A93-41C9-BEFB-4A33FE2D997C} = {59A1CFE7-1A93-41C9-BEFB-4A33FE2D997C}
	EndProjectSection
EndProject
Project("{8BC9CEB8-8B4A-11D0-8D11-00A0C91BC942}") = "libmve", "VisualC\libmve\libmve.vcproj", "{D27227AC-13CC-4901-9F73-A184D7CB24AD}"
EndProject
Project("{8BC9CEB8-8B4A-11D0-8D11-00A0C91BC942}") = "ogg_dynamic", "..\..\libogg-1.1.3\win32\ogg_dynamic.vcproj", "{9503F50D-E494-4D2A-9ED1-92CAE426B501}"
EndProject
Project("{8BC9CEB8-8B4A-11D0-8D11-00A0C91BC942}") = "vorbis_dynamic", "..\..\libvorbis-1.1.2\win32\vorbis_dynamic.vcproj", "{0D0C733B-62AA-45B2-B250-BFDE1E6073AE}"
	ProjectSection(ProjectDependencies) = postProject
		{9503F50D-E494-4D2A-9ED1-92CAE426B501} = {9503F50D-E494-4D2A-9ED1-92CAE426B501}
	EndProjectSection
EndProject
Project("{8BC9CEB8-8B4A-11D0-8D11-00A0C91BC942}") = "vorbisfile_dynamic", "..\..\libvorbis-1.1.2\win32\vorbisfile_dynamic.vcproj", "{0F54D797-C2FD-4C18-AC4E-7A6917997534}"
	ProjectSection(ProjectDependencies) = postProject
		{9503F50D-E494-4D2A-9ED1-92CAE426B501} = {9503F50D-E494-4D2A-9ED1-92CAE426B501}
		{0D0C733B-62AA-45B2-B250-BFDE1E6073AE} = {0D0C733B-62AA-45B2-B250-BFDE1E6073AE}
	EndProjectSection
EndProject
Project("{8BC9CEB8-8B4A-11D0-8D11-00A0C91BC942}") = "d2x-trackir", "d2x-trackir\d2x-trackir.vcproj", "{CE17E0B1-3327-4BCE-93E4-D7B74F5A1A7A}"
EndProject
Project("{8BC9CEB8-8B4A-11D0-8D11-00A0C91BC942}") = "SDL", "..\..\SDL-1.2.13\VisualC\SDL\SDL.vcproj", "{59A1CFE7-1A93-41C9-BEFB-4A33FE2D997C}"
EndProject
Project("{8BC9CEB8-8B4A-11D0-8D11-00A0C91BC942}") = "SDLmain", "..\..\SDL-1.2.13\VisualC\SDLmain\SDLmain.vcproj", "{7B4A121A-8375-4E9A-9138-DFA458E1AB97}"
EndProject
Project("{8BC9CEB8-8B4A-11D0-8D11-00A0C91BC942}") = "native_midi", "..\..\SDL_mixer-1.2.8\VisualC\native_midi\native_midi.vcproj", "{536BCE91-9AA3-447D-9A5F-1A0FF6FCE533}"
EndProject
Project("{8BC9CEB8-8B4A-11D0-8D11-00A0C91BC942}") = "mikmod", "..\..\SDL_mixer-1.2.8\VisualC\mikmod\mikmod.vcproj", "{07CC6507-C2F1-4855-83FB-E68F148DA16F}"
EndProject
Project("{8BC9CEB8-8B4A-11D0-8D11-00A0C91BC942}") = "timidity", "..\..\SDL_mixer-1.2.8\VisualC\timidity\timidity.vcproj", "{763BB4E3-C9A0-469F-98B4-8604A8484560}"
EndProject
Project("{8BC9CEB8-8B4A-11D0-8D11-00A0C91BC942}") = "smpeg", "..\..\smpeg-0.4.4\VisualC\smpeg.vcproj", "{DD09F861-A996-4F9C-87B3-8AE7FBBCF74E}"
	ProjectSection(ProjectDependencies) = postProject
		{59A1CFE7-1A93-41C9-BEFB-4A33FE2D997C} = {59A1CFE7-1A93-41C9-BEFB-4A33FE2D997C}
	EndProjectSection
EndProject
Project("{8BC9CEB8-8B4A-11D0-8D11-00A0C91BC942}") = "SDL_mixer", "..\..\SDL_mixer-1.2.8\VisualC\SDL_mixer.vcproj", "{CC8D236E-AF28-441D-9BE0-3B165F790796}"
	ProjectSection(ProjectDependencies) = postProject
		{07CC6507-C2F1-4855-83FB-E68F148DA16F} = {07CC6507-C2F1-4855-83FB-E68F148DA16F}
		{9503F50D-E494-4D2A-9ED1-92CAE426B501} = {9503F50D-E494-4D2A-9ED1-92CAE426B501}
		{7B4A121A-8375-4E9A-9138-DFA458E1AB97} = {7B4A121A-8375-4E9A-9138-DFA458E1AB97}
		{0D0C733B-62AA-45B2-B250-BFDE1E6073AE} = {0D0C733B-62AA-45B2-B250-BFDE1E6073AE}
		{536BCE91-9AA3-447D-9A5F-1A0FF6FCE533} = {536BCE91-9AA3-447D-9A5F-1A0FF6FCE533}
		{0F54D797-C2FD-4C18-AC4E-7A6917997534} = {0F54D797-C2FD-4C18-AC4E-7A6917997534}
		{763BB4E3-C9A0-469F-98B4-8604A8484560} = {763BB4E3-C9A0-469F-98B4-8604A8484560}
		{59A1CFE7-1A93-41C9-BEFB-4A33FE2D997C} = {59A1CFE7-1A93-41C9-BEFB-4A33FE2D997C}
	EndProjectSection
EndProject
Global
	GlobalSection(SolutionConfigurationPlatforms) = preSolution
		ACM debug|Win32 = ACM debug|Win32
		ACM release Nasm|Win32 = ACM release Nasm|Win32
		ACM release|Win32 = ACM release|Win32
		Debug GTK|Win32 = Debug GTK|Win32
		Debug NASM|Win32 = Debug NASM|Win32
		Debug|Win32 = Debug|Win32
		Demo|Win32 = Demo|Win32
		dll debug|Win32 = dll debug|Win32
		dll release Nasm|Win32 = dll release Nasm|Win32
		dll release|Win32 = dll release|Win32
		LAME debug|Win32 = LAME debug|Win32
		LAME release Nasm|Win32 = LAME release Nasm|Win32
		LAME release|Win32 = LAME release|Win32
		Mp3X debug|Win32 = Mp3X debug|Win32
		Release - Fast FPU|Win32 = Release - Fast FPU|Win32
		Release GTK|Win32 = Release GTK|Win32
		Release NASM|Win32 = Release NASM|Win32
		Release_NoSTDIO|Win32 = Release_NoSTDIO|Win32
		Release|Win32 = Release|Win32
	EndGlobalSection
	GlobalSection(ProjectConfigurationPlatforms) = postSolution
		{1C9AA6BF-147B-4027-848A-B33038B49BFE}.ACM debug|Win32.ActiveCfg = Release|Win32
		{1C9AA6BF-147B-4027-848A-B33038B49BFE}.ACM release Nasm|Win32.ActiveCfg = Release|Win32
		{1C9AA6BF-147B-4027-848A-B33038B49BFE}.ACM release|Win32.ActiveCfg = Release|Win32
		{1C9AA6BF-147B-4027-848A-B33038B49BFE}.Debug GTK|Win32.ActiveCfg = Debug|Win32
		{1C9AA6BF-147B-4027-848A-B33038B49BFE}.Debug NASM|Win32.ActiveCfg = Debug|Win32
		{1C9AA6BF-147B-4027-848A-B33038B49BFE}.Debug|Win32.ActiveCfg = Debug|Win32
		{1C9AA6BF-147B-4027-848A-B33038B49BFE}.Demo|Win32.ActiveCfg = Debug|Win32
		{1C9AA6BF-147B-4027-848A-B33038B49BFE}.dll debug|Win32.ActiveCfg = Debug|Win32
		{1C9AA6BF-147B-4027-848A-B33038B49BFE}.dll release Nasm|Win32.ActiveCfg = Debug|Win32
		{1C9AA6BF-147B-4027-848A-B33038B49BFE}.dll release|Win32.ActiveCfg = Debug|Win32
		{1C9AA6BF-147B-4027-848A-B33038B49BFE}.LAME debug|Win32.ActiveCfg = Release|Win32
		{1C9AA6BF-147B-4027-848A-B33038B49BFE}.LAME release Nasm|Win32.ActiveCfg = Release|Win32
		{1C9AA6BF-147B-4027-848A-B33038B49BFE}.LAME release|Win32.ActiveCfg = Release|Win32
		{1C9AA6BF-147B-4027-848A-B33038B49BFE}.Mp3X debug|Win32.ActiveCfg = Release|Win32
		{1C9AA6BF-147B-4027-848A-B33038B49BFE}.Release - Fast FPU|Win32.ActiveCfg = Release|Win32
		{1C9AA6BF-147B-4027-848A-B33038B49BFE}.Release - Fast FPU|Win32.Build.0 = Release|Win32
		{1C9AA6BF-147B-4027-848A-B33038B49BFE}.Release GTK|Win32.ActiveCfg = Release|Win32
		{1C9AA6BF-147B-4027-848A-B33038B49BFE}.Release NASM|Win32.ActiveCfg = Release|Win32
		{1C9AA6BF-147B-4027-848A-B33038B49BFE}.Release_NoSTDIO|Win32.ActiveCfg = Release|Win32
		{1C9AA6BF-147B-4027-848A-B33038B49BFE}.Release|Win32.ActiveCfg = Release|Win32
		{D27227AC-13CC-4901-9F73-A184D7CB24AD}.ACM debug|Win32.ActiveCfg = Release|Win32
		{D27227AC-13CC-4901-9F73-A184D7CB24AD}.ACM release Nasm|Win32.ActiveCfg = Release|Win32
		{D27227AC-13CC-4901-9F73-A184D7CB24AD}.ACM release|Win32.ActiveCfg = Release|Win32
		{D27227AC-13CC-4901-9F73-A184D7CB24AD}.Debug GTK|Win32.ActiveCfg = Debug|Win32
		{D27227AC-13CC-4901-9F73-A184D7CB24AD}.Debug NASM|Win32.ActiveCfg = Debug|Win32
		{D27227AC-13CC-4901-9F73-A184D7CB24AD}.Debug|Win32.ActiveCfg = Debug|Win32
		{D27227AC-13CC-4901-9F73-A184D7CB24AD}.Demo|Win32.ActiveCfg = Debug|Win32
		{D27227AC-13CC-4901-9F73-A184D7CB24AD}.dll debug|Win32.ActiveCfg = Debug|Win32
		{D27227AC-13CC-4901-9F73-A184D7CB24AD}.dll release Nasm|Win32.ActiveCfg = Debug|Win32
		{D27227AC-13CC-4901-9F73-A184D7CB24AD}.dll release|Win32.ActiveCfg = Debug|Win32
		{D27227AC-13CC-4901-9F73-A184D7CB24AD}.LAME debug|Win32.ActiveCfg = Release|Win32
		{D27227AC-13CC-4901-9F73-A184D7CB24AD}.LAME release Nasm|Win32.ActiveCfg = Release|Win32
		{D27227AC-13CC-4901-9F73-A184D7CB24AD}.LAME release|Win32.ActiveCfg = Release|Win32
		{D27227AC-13CC-4901-9F73-A184D7CB24AD}.Mp3X debug|Win32.ActiveCfg = Release|Win32
		{D27227AC-13CC-4901-9F73-A184D7CB24AD}.Release - Fast FPU|Win32.ActiveCfg = Release|Win32
		{D27227AC-13CC-4901-9F73-A184D7CB24AD}.Release - Fast FPU|Win32.Build.0 = Release|Win32
		{D27227AC-13CC-4901-9F73-A184D7CB24AD}.Release GTK|Win32.ActiveCfg = Release|Win32
		{D27227AC-13CC-4901-9F73-A184D7CB24AD}.Release NASM|Win32.ActiveCfg = Release|Win32
		{D27227AC-13CC-4901-9F73-A184D7CB24AD}.Release_NoSTDIO|Win32.ActiveCfg = Release|Win32
		{D27227AC-13CC-4901-9F73-A184D7CB24AD}.Release|Win32.ActiveCfg = Release|Win32
		{9503F50D-E494-4D2A-9ED1-92CAE426B501}.ACM debug|Win32.ActiveCfg = Release|Win32
		{9503F50D-E494-4D2A-9ED1-92CAE426B501}.ACM release Nasm|Win32.ActiveCfg = Release|Win32
		{9503F50D-E494-4D2A-9ED1-92CAE426B501}.ACM release|Win32.ActiveCfg = Release|Win32
		{9503F50D-E494-4D2A-9ED1-92CAE426B501}.Debug GTK|Win32.ActiveCfg = Debug|Win32
		{9503F50D-E494-4D2A-9ED1-92CAE426B501}.Debug NASM|Win32.ActiveCfg = Debug|Win32
		{9503F50D-E494-4D2A-9ED1-92CAE426B501}.Debug|Win32.ActiveCfg = Debug|Win32
		{9503F50D-E494-4D2A-9ED1-92CAE426B501}.Demo|Win32.ActiveCfg = Debug|Win32
		{9503F50D-E494-4D2A-9ED1-92CAE426B501}.dll debug|Win32.ActiveCfg = Debug|Win32
		{9503F50D-E494-4D2A-9ED1-92CAE426B501}.dll release Nasm|Win32.ActiveCfg = Debug|Win32
		{9503F50D-E494-4D2A-9ED1-92CAE426B501}.dll release|Win32.ActiveCfg = Debug|Win32
		{9503F50D-E494-4D2A-9ED1-92CAE426B501}.LAME debug|Win32.ActiveCfg = Release|Win32
		{9503F50D-E494-4D2A-9ED1-92CAE426B501}.LAME release Nasm|Win32.ActiveCfg = Release|Win32
		{9503F50D-E494-4D2A-9ED1-92CAE426B501}.LAME release|Win32.ActiveCfg = Release|Win32
		{9503F50D-E494-4D2A-9ED1-92CAE426B501}.Mp3X debug|Win32.ActiveCfg = Release|Win32
		{9503F50D-E494-4D2A-9ED1-92CAE426B501}.Release - Fast FPU|Win32.ActiveCfg = Release|Win32
		{9503F50D-E494-4D2A-9ED1-92CAE426B501}.Release - Fast FPU|Win32.Build.0 = Release|Win32
		{9503F50D-E494-4D2A-9ED1-92CAE426B501}.Release GTK|Win32.ActiveCfg = Release|Win32
		{9503F50D-E494-4D2A-9ED1-92CAE426B501}.Release NASM|Win32.ActiveCfg = Release|Win32
		{9503F50D-E494-4D2A-9ED1-92CAE426B501}.Release_NoSTDIO|Win32.ActiveCfg = Release|Win32
		{9503F50D-E494-4D2A-9ED1-92CAE426B501}.Release|Win32.ActiveCfg = Release|Win32
		{0D0C733B-62AA-45B2-B250-BFDE1E6073AE}.ACM debug|Win32.ActiveCfg = Release|Win32
		{0D0C733B-62AA-45B2-B250-BFDE1E6073AE}.ACM release Nasm|Win32.ActiveCfg = Release|Win32
		{0D0C733B-62AA-45B2-B250-BFDE1E6073AE}.ACM release|Win32.ActiveCfg = Release|Win32
		{0D0C733B-62AA-45B2-B250-BFDE1E6073AE}.Debug GTK|Win32.ActiveCfg = Debug|Win32
		{0D0C733B-62AA-45B2-B250-BFDE1E6073AE}.Debug NASM|Win32.ActiveCfg = Debug|Win32
		{0D0C733B-62AA-45B2-B250-BFDE1E6073AE}.Debug|Win32.ActiveCfg = Debug|Win32
		{0D0C733B-62AA-45B2-B250-BFDE1E6073AE}.Demo|Win32.ActiveCfg = Debug|Win32
		{0D0C733B-62AA-45B2-B250-BFDE1E6073AE}.dll debug|Win32.ActiveCfg = Debug|Win32
		{0D0C733B-62AA-45B2-B250-BFDE1E6073AE}.dll release Nasm|Win32.ActiveCfg = Debug|Win32
		{0D0C733B-62AA-45B2-B250-BFDE1E6073AE}.dll release|Win32.ActiveCfg = Debug|Win32
		{0D0C733B-62AA-45B2-B250-BFDE1E6073AE}.LAME debug|Win32.ActiveCfg = Release|Win32
		{0D0C733B-62AA-45B2-B250-BFDE1E6073AE}.LAME release Nasm|Win32.ActiveCfg = Release|Win32
		{0D0C733B-62AA-45B2-B250-BFDE1E6073AE}.LAME release|Win32.ActiveCfg = Release|Win32
		{0D0C733B-62AA-45B2-B250-BFDE1E6073AE}.Mp3X debug|Win32.ActiveCfg = Release|Win32
		{0D0C733B-62AA-45B2-B250-BFDE1E6073AE}.Release - Fast FPU|Win32.ActiveCfg = Release|Win32
		{0D0C733B-62AA-45B2-B250-BFDE1E6073AE}.Release - Fast FPU|Win32.Build.0 = Release|Win32
		{0D0C733B-62AA-45B2-B250-BFDE1E6073AE}.Release GTK|Win32.ActiveCfg = Release|Win32
		{0D0C733B-62AA-45B2-B250-BFDE1E6073AE}.Release NASM|Win32.ActiveCfg = Release|Win32
		{0D0C733B-62AA-45B2-B250-BFDE1E6073AE}.Release_NoSTDIO|Win32.ActiveCfg = Release|Win32
		{0D0C733B-62AA-45B2-B250-BFDE1E6073AE}.Release|Win32.ActiveCfg = Release|Win32
		{0F54D797-C2FD-4C18-AC4E-7A6917997534}.ACM debug|Win32.ActiveCfg = Release|Win32
		{0F54D797-C2FD-4C18-AC4E-7A6917997534}.ACM release Nasm|Win32.ActiveCfg = Release|Win32
		{0F54D797-C2FD-4C18-AC4E-7A6917997534}.ACM release|Win32.ActiveCfg = Release|Win32
		{0F54D797-C2FD-4C18-AC4E-7A6917997534}.Debug GTK|Win32.ActiveCfg = Debug|Win32
		{0F54D797-C2FD-4C18-AC4E-7A6917997534}.Debug NASM|Win32.ActiveCfg = Debug|Win32
		{0F54D797-C2FD-4C18-AC4E-7A6917997534}.Debug|Win32.ActiveCfg = Debug|Win32
		{0F54D797-C2FD-4C18-AC4E-7A6917997534}.Demo|Win32.ActiveCfg = Debug|Win32
		{0F54D797-C2FD-4C18-AC4E-7A6917997534}.dll debug|Win32.ActiveCfg = Debug|Win32
		{0F54D797-C2FD-4C18-AC4E-7A6917997534}.dll release Nasm|Win32.ActiveCfg = Debug|Win32
		{0F54D797-C2FD-4C18-AC4E-7A6917997534}.dll release|Win32.ActiveCfg = Debug|Win32
		{0F54D797-C2FD-4C18-AC4E-7A6917997534}.LAME debug|Win32.ActiveCfg = Release|Win32
		{0F54D797-C2FD-4C18-AC4E-7A6917997534}.LAME release Nasm|Win32.ActiveCfg = Release|Win32
		{0F54D797-C2FD-4C18-AC4E-7A6917997534}.LAME release|Win32.ActiveCfg = Release|Win32
		{0F54D797-C2FD-4C18-AC4E-7A6917997534}.Mp3X debug|Win32.ActiveCfg = Release|Win32
		{0F54D797-C2FD-4C18-AC4E-7A6917997534}.Release - Fast FPU|Win32.ActiveCfg = Release|Win32
		{0F54D797-C2FD-4C18-AC4E-7A6917997534}.Release - Fast FPU|Win32.Build.0 = Release|Win32
		{0F54D797-C2FD-4C18-AC4E-7A6917997534}.Release GTK|Win32.ActiveCfg = Release|Win32
		{0F54D797-C2FD-4C18-AC4E-7A6917997534}.Release NASM|Win32.ActiveCfg = Release|Win32
		{0F54D797-C2FD-4C18-AC4E-7A6917997534}.Release_NoSTDIO|Win32.ActiveCfg = Release|Win32
		{0F54D797-C2FD-4C18-AC4E-7A6917997534}.Release|Win32.ActiveCfg = Release|Win32
		{CE17E0B1-3327-4BCE-93E4-D7B74F5A1A7A}.ACM debug|Win32.ActiveCfg = Release|Win32
		{CE17E0B1-3327-4BCE-93E4-D7B74F5A1A7A}.ACM debug|Win32.Build.0 = Release|Win32
		{CE17E0B1-3327-4BCE-93E4-D7B74F5A1A7A}.ACM release Nasm|Win32.ActiveCfg = Release|Win32
		{CE17E0B1-3327-4BCE-93E4-D7B74F5A1A7A}.ACM release Nasm|Win32.Build.0 = Release|Win32
		{CE17E0B1-3327-4BCE-93E4-D7B74F5A1A7A}.ACM release|Win32.ActiveCfg = Release|Win32
		{CE17E0B1-3327-4BCE-93E4-D7B74F5A1A7A}.ACM release|Win32.Build.0 = Release|Win32
		{CE17E0B1-3327-4BCE-93E4-D7B74F5A1A7A}.Debug GTK|Win32.ActiveCfg = Debug|Win32
		{CE17E0B1-3327-4BCE-93E4-D7B74F5A1A7A}.Debug GTK|Win32.Build.0 = Debug|Win32
		{CE17E0B1-3327-4BCE-93E4-D7B74F5A1A7A}.Debug NASM|Win32.ActiveCfg = Debug|Win32
		{CE17E0B1-3327-4BCE-93E4-D7B74F5A1A7A}.Debug NASM|Win32.Build.0 = Debug|Win32
		{CE17E0B1-3327-4BCE-93E4-D7B74F5A1A7A}.Debug|Win32.ActiveCfg = Debug|Win32
		{CE17E0B1-3327-4BCE-93E4-D7B74F5A1A7A}.Debug|Win32.Build.0 = Debug|Win32
		{CE17E0B1-3327-4BCE-93E4-D7B74F5A1A7A}.Demo|Win32.ActiveCfg = Debug|Win32
		{CE17E0B1-3327-4BCE-93E4-D7B74F5A1A7A}.Demo|Win32.Build.0 = Debug|Win32
		{CE17E0B1-3327-4BCE-93E4-D7B74F5A1A7A}.dll debug|Win32.ActiveCfg = Debug|Win32
		{CE17E0B1-3327-4BCE-93E4-D7B74F5A1A7A}.dll debug|Win32.Build.0 = Debug|Win32
		{CE17E0B1-3327-4BCE-93E4-D7B74F5A1A7A}.dll release Nasm|Win32.ActiveCfg = Debug|Win32
		{CE17E0B1-3327-4BCE-93E4-D7B74F5A1A7A}.dll release Nasm|Win32.Build.0 = Debug|Win32
		{CE17E0B1-3327-4BCE-93E4-D7B74F5A1A7A}.dll release|Win32.ActiveCfg = Debug|Win32
		{CE17E0B1-3327-4BCE-93E4-D7B74F5A1A7A}.dll release|Win32.Build.0 = Debug|Win32
		{CE17E0B1-3327-4BCE-93E4-D7B74F5A1A7A}.LAME debug|Win32.ActiveCfg = Release|Win32
		{CE17E0B1-3327-4BCE-93E4-D7B74F5A1A7A}.LAME debug|Win32.Build.0 = Release|Win32
		{CE17E0B1-3327-4BCE-93E4-D7B74F5A1A7A}.LAME release Nasm|Win32.ActiveCfg = Release|Win32
		{CE17E0B1-3327-4BCE-93E4-D7B74F5A1A7A}.LAME release Nasm|Win32.Build.0 = Release|Win32
		{CE17E0B1-3327-4BCE-93E4-D7B74F5A1A7A}.LAME release|Win32.ActiveCfg = Release|Win32
		{CE17E0B1-3327-4BCE-93E4-D7B74F5A1A7A}.LAME release|Win32.Build.0 = Release|Win32
		{CE17E0B1-3327-4BCE-93E4-D7B74F5A1A7A}.Mp3X debug|Win32.ActiveCfg = Release|Win32
		{CE17E0B1-3327-4BCE-93E4-D7B74F5A1A7A}.Mp3X debug|Win32.Build.0 = Release|Win32
		{CE17E0B1-3327-4BCE-93E4-D7B74F5A1A7A}.Release - Fast FPU|Win32.ActiveCfg = Release|Win32
		{CE17E0B1-3327-4BCE-93E4-D7B74F5A1A7A}.Release - Fast FPU|Win32.Build.0 = Release|Win32
		{CE17E0B1-3327-4BCE-93E4-D7B74F5A1A7A}.Release GTK|Win32.ActiveCfg = Release|Win32
		{CE17E0B1-3327-4BCE-93E4-D7B74F5A1A7A}.Release GTK|Win32.Build.0 = Release|Win32
		{CE17E0B1-3327-4BCE-93E4-D7B74F5A1A7A}.Release NASM|Win32.ActiveCfg = Release|Win32
		{CE17E0B1-3327-4BCE-93E4-D7B74F5A1A7A}.Release NASM|Win32.Build.0 = Release|Win32
		{CE17E0B1-3327-4BCE-93E4-D7B74F5A1A7A}.Release_NoSTDIO|Win32.ActiveCfg = Release|Win32
		{CE17E0B1-3327-4BCE-93E4-D7B74F5A1A7A}.Release_NoSTDIO|Win32.Build.0 = Release|Win32
		{CE17E0B1-3327-4BCE-93E4-D7B74F5A1A7A}.Release|Win32.ActiveCfg = Release|Win32
		{CE17E0B1-3327-4BCE-93E4-D7B74F5A1A7A}.Release|Win32.Build.0 = Release|Win32
		{59A1CFE7-1A93-41C9-BEFB-4A33FE2D997C}.ACM debug|Win32.ActiveCfg = Debug|Win32
		{59A1CFE7-1A93-41C9-BEFB-4A33FE2D997C}.ACM debug|Win32.Build.0 = Debug|Win32
		{59A1CFE7-1A93-41C9-BEFB-4A33FE2D997C}.ACM release Nasm|Win32.ActiveCfg = Debug|Win32
		{59A1CFE7-1A93-41C9-BEFB-4A33FE2D997C}.ACM release Nasm|Win32.Build.0 = Debug|Win32
		{59A1CFE7-1A93-41C9-BEFB-4A33FE2D997C}.ACM release|Win32.ActiveCfg = Debug|Win32
		{59A1CFE7-1A93-41C9-BEFB-4A33FE2D997C}.ACM release|Win32.Build.0 = Debug|Win32
		{59A1CFE7-1A93-41C9-BEFB-4A33FE2D997C}.Debug GTK|Win32.ActiveCfg = Debug|Win32
		{59A1CFE7-1A93-41C9-BEFB-4A33FE2D997C}.Debug GTK|Win32.Build.0 = Debug|Win32
		{59A1CFE7-1A93-41C9-BEFB-4A33FE2D997C}.Debug NASM|Win32.ActiveCfg = Debug|Win32
		{59A1CFE7-1A93-41C9-BEFB-4A33FE2D997C}.Debug NASM|Win32.Build.0 = Debug|Win32
		{59A1CFE7-1A93-41C9-BEFB-4A33FE2D997C}.Debug|Win32.ActiveCfg = Debug|Win32
		{59A1CFE7-1A93-41C9-BEFB-4A33FE2D997C}.Debug|Win32.Build.0 = Debug|Win32
		{59A1CFE7-1A93-41C9-BEFB-4A33FE2D997C}.Demo|Win32.ActiveCfg = Debug|Win32
		{59A1CFE7-1A93-41C9-BEFB-4A33FE2D997C}.Demo|Win32.Build.0 = Debug|Win32
		{59A1CFE7-1A93-41C9-BEFB-4A33FE2D997C}.dll debug|Win32.ActiveCfg = Debug|Win32
		{59A1CFE7-1A93-41C9-BEFB-4A33FE2D997C}.dll debug|Win32.Build.0 = Debug|Win32
		{59A1CFE7-1A93-41C9-BEFB-4A33FE2D997C}.dll release Nasm|Win32.ActiveCfg = Debug|Win32
		{59A1CFE7-1A93-41C9-BEFB-4A33FE2D997C}.dll release Nasm|Win32.Build.0 = Debug|Win32
		{59A1CFE7-1A93-41C9-BEFB-4A33FE2D997C}.dll release|Win32.ActiveCfg = Debug|Win32
		{59A1CFE7-1A93-41C9-BEFB-4A33FE2D997C}.dll release|Win32.Build.0 = Debug|Win32
		{59A1CFE7-1A93-41C9-BEFB-4A33FE2D997C}.LAME debug|Win32.ActiveCfg = Debug|Win32
		{59A1CFE7-1A93-41C9-BEFB-4A33FE2D997C}.LAME debug|Win32.Build.0 = Debug|Win32
		{59A1CFE7-1A93-41C9-BEFB-4A33FE2D997C}.LAME release Nasm|Win32.ActiveCfg = Debug|Win32
		{59A1CFE7-1A93-41C9-BEFB-4A33FE2D997C}.LAME release Nasm|Win32.Build.0 = Debug|Win32
		{59A1CFE7-1A93-41C9-BEFB-4A33FE2D997C}.LAME release|Win32.ActiveCfg = Debug|Win32
		{59A1CFE7-1A93-41C9-BEFB-4A33FE2D997C}.LAME release|Win32.Build.0 = Debug|Win32
		{59A1CFE7-1A93-41C9-BEFB-4A33FE2D997C}.Mp3X debug|Win32.ActiveCfg = Debug|Win32
		{59A1CFE7-1A93-41C9-BEFB-4A33FE2D997C}.Mp3X debug|Win32.Build.0 = Debug|Win32
		{59A1CFE7-1A93-41C9-BEFB-4A33FE2D997C}.Release - Fast FPU|Win32.ActiveCfg = Release|Win32
		{59A1CFE7-1A93-41C9-BEFB-4A33FE2D997C}.Release - Fast FPU|Win32.Build.0 = Release|Win32
		{59A1CFE7-1A93-41C9-BEFB-4A33FE2D997C}.Release GTK|Win32.ActiveCfg = Release|Win32
		{59A1CFE7-1A93-41C9-BEFB-4A33FE2D997C}.Release GTK|Win32.Build.0 = Release|Win32
		{59A1CFE7-1A93-41C9-BEFB-4A33FE2D997C}.Release NASM|Win32.ActiveCfg = Release|Win32
		{59A1CFE7-1A93-41C9-BEFB-4A33FE2D997C}.Release NASM|Win32.Build.0 = Release|Win32
		{59A1CFE7-1A93-41C9-BEFB-4A33FE2D997C}.Release_NoSTDIO|Win32.ActiveCfg = Release|Win32
		{59A1CFE7-1A93-41C9-BEFB-4A33FE2D997C}.Release_NoSTDIO|Win32.Build.0 = Release|Win32
		{59A1CFE7-1A93-41C9-BEFB-4A33FE2D997C}.Release|Win32.ActiveCfg = Release|Win32
		{59A1CFE7-1A93-41C9-BEFB-4A33FE2D997C}.Release|Win32.Build.0 = Release|Win32
		{7B4A121A-8375-4E9A-9138-DFA458E1AB97}.ACM debug|Win32.ActiveCfg = Release_NoSTDIO|Win32
		{7B4A121A-8375-4E9A-9138-DFA458E1AB97}.ACM debug|Win32.Build.0 = Release_NoSTDIO|Win32
		{7B4A121A-8375-4E9A-9138-DFA458E1AB97}.ACM release Nasm|Win32.ActiveCfg = Release_NoSTDIO|Win32
		{7B4A121A-8375-4E9A-9138-DFA458E1AB97}.ACM release Nasm|Win32.Build.0 = Release_NoSTDIO|Win32
		{7B4A121A-8375-4E9A-9138-DFA458E1AB97}.ACM release|Win32.ActiveCfg = Release_NoSTDIO|Win32
		{7B4A121A-8375-4E9A-9138-DFA458E1AB97}.ACM release|Win32.Build.0 = Release_NoSTDIO|Win32
		{7B4A121A-8375-4E9A-9138-DFA458E1AB97}.Debug GTK|Win32.ActiveCfg = Debug|Win32
		{7B4A121A-8375-4E9A-9138-DFA458E1AB97}.Debug GTK|Win32.Build.0 = Debug|Win32
		{7B4A121A-8375-4E9A-9138-DFA458E1AB97}.Debug NASM|Win32.ActiveCfg = Debug|Win32
		{7B4A121A-8375-4E9A-9138-DFA458E1AB97}.Debug NASM|Win32.Build.0 = Debug|Win32
		{7B4A121A-8375-4E9A-9138-DFA458E1AB97}.Debug|Win32.ActiveCfg = Debug|Win32
		{7B4A121A-8375-4E9A-9138-DFA458E1AB97}.Debug|Win32.Build.0 = Debug|Win32
		{7B4A121A-8375-4E9A-9138-DFA458E1AB97}.Demo|Win32.ActiveCfg = Debug|Win32
		{7B4A121A-8375-4E9A-9138-DFA458E1AB97}.Demo|Win32.Build.0 = Debug|Win32
		{7B4A121A-8375-4E9A-9138-DFA458E1AB97}.dll debug|Win32.ActiveCfg = Debug|Win32
		{7B4A121A-8375-4E9A-9138-DFA458E1AB97}.dll debug|Win32.Build.0 = Debug|Win32
		{7B4A121A-8375-4E9A-9138-DFA458E1AB97}.dll release Nasm|Win32.ActiveCfg = Debug|Win32
		{7B4A121A-8375-4E9A-9138-DFA458E1AB97}.dll release Nasm|Win32.Build.0 = Debug|Win32
		{7B4A121A-8375-4E9A-9138-DFA458E1AB97}.dll release|Win32.ActiveCfg = Debug|Win32
		{7B4A121A-8375-4E9A-9138-DFA458E1AB97}.dll release|Win32.Build.0 = Debug|Win32
		{7B4A121A-8375-4E9A-9138-DFA458E1AB97}.LAME debug|Win32.ActiveCfg = Release_NoSTDIO|Win32
		{7B4A121A-8375-4E9A-9138-DFA458E1AB97}.LAME debug|Win32.Build.0 = Release_NoSTDIO|Win32
		{7B4A121A-8375-4E9A-9138-DFA458E1AB97}.LAME release Nasm|Win32.ActiveCfg = Release_NoSTDIO|Win32
		{7B4A121A-8375-4E9A-9138-DFA458E1AB97}.LAME release Nasm|Win32.Build.0 = Release_NoSTDIO|Win32
		{7B4A121A-8375-4E9A-9138-DFA458E1AB97}.LAME release|Win32.ActiveCfg = Release_NoSTDIO|Win32
		{7B4A121A-8375-4E9A-9138-DFA458E1AB97}.LAME release|Win32.Build.0 = Release_NoSTDIO|Win32
		{7B4A121A-8375-4E9A-9138-DFA458E1AB97}.Mp3X debug|Win32.ActiveCfg = Release_NoSTDIO|Win32
		{7B4A121A-8375-4E9A-9138-DFA458E1AB97}.Mp3X debug|Win32.Build.0 = Release_NoSTDIO|Win32
		{7B4A121A-8375-4E9A-9138-DFA458E1AB97}.Release - Fast FPU|Win32.ActiveCfg = Release_NoSTDIO|Win32
		{7B4A121A-8375-4E9A-9138-DFA458E1AB97}.Release - Fast FPU|Win32.Build.0 = Release_NoSTDIO|Win32
		{7B4A121A-8375-4E9A-9138-DFA458E1AB97}.Release GTK|Win32.ActiveCfg = Release|Win32
		{7B4A121A-8375-4E9A-9138-DFA458E1AB97}.Release GTK|Win32.Build.0 = Release|Win32
		{7B4A121A-8375-4E9A-9138-DFA458E1AB97}.Release NASM|Win32.ActiveCfg = Release|Win32
		{7B4A121A-8375-4E9A-9138-DFA458E1AB97}.Release NASM|Win32.Build.0 = Release|Win32
		{7B4A121A-8375-4E9A-9138-DFA458E1AB97}.Release_NoSTDIO|Win32.ActiveCfg = Release_NoSTDIO|Win32
		{7B4A121A-8375-4E9A-9138-DFA458E1AB97}.Release_NoSTDIO|Win32.Build.0 = Release_NoSTDIO|Win32
		{7B4A121A-8375-4E9A-9138-DFA458E1AB97}.Release|Win32.ActiveCfg = Release|Win32
		{7B4A121A-8375-4E9A-9138-DFA458E1AB97}.Release|Win32.Build.0 = Release|Win32
		{536BCE91-9AA3-447D-9A5F-1A0FF6FCE533}.ACM debug|Win32.ActiveCfg = Debug|Win32
		{536BCE91-9AA3-447D-9A5F-1A0FF6FCE533}.ACM debug|Win32.Build.0 = Debug|Win32
		{536BCE91-9AA3-447D-9A5F-1A0FF6FCE533}.ACM release Nasm|Win32.ActiveCfg = Debug|Win32
		{536BCE91-9AA3-447D-9A5F-1A0FF6FCE533}.ACM release Nasm|Win32.Build.0 = Debug|Win32
		{536BCE91-9AA3-447D-9A5F-1A0FF6FCE533}.ACM release|Win32.ActiveCfg = Debug|Win32
		{536BCE91-9AA3-447D-9A5F-1A0FF6FCE533}.ACM release|Win32.Build.0 = Debug|Win32
		{536BCE91-9AA3-447D-9A5F-1A0FF6FCE533}.Debug GTK|Win32.ActiveCfg = Debug|Win32
		{536BCE91-9AA3-447D-9A5F-1A0FF6FCE533}.Debug GTK|Win32.Build.0 = Debug|Win32
		{536BCE91-9AA3-447D-9A5F-1A0FF6FCE533}.Debug NASM|Win32.ActiveCfg = Debug|Win32
		{536BCE91-9AA3-447D-9A5F-1A0FF6FCE533}.Debug NASM|Win32.Build.0 = Debug|Win32
		{536BCE91-9AA3-447D-9A5F-1A0FF6FCE533}.Debug|Win32.ActiveCfg = Debug|Win32
		{536BCE91-9AA3-447D-9A5F-1A0FF6FCE533}.Debug|Win32.Build.0 = Debug|Win32
		{536BCE91-9AA3-447D-9A5F-1A0FF6FCE533}.Demo|Win32.ActiveCfg = Debug|Win32
		{536BCE91-9AA3-447D-9A5F-1A0FF6FCE533}.Demo|Win32.Build.0 = Debug|Win32
		{536BCE91-9AA3-447D-9A5F-1A0FF6FCE533}.dll debug|Win32.ActiveCfg = Debug|Win32
		{536BCE91-9AA3-447D-9A5F-1A0FF6FCE533}.dll debug|Win32.Build.0 = Debug|Win32
		{536BCE91-9AA3-447D-9A5F-1A0FF6FCE533}.dll release Nasm|Win32.ActiveCfg = Debug|Win32
		{536BCE91-9AA3-447D-9A5F-1A0FF6FCE533}.dll release Nasm|Win32.Build.0 = Debug|Win32
		{536BCE91-9AA3-447D-9A5F-1A0FF6FCE533}.dll release|Win32.ActiveCfg = Debug|Win32
		{536BCE91-9AA3-447D-9A5F-1A0FF6FCE533}.dll release|Win32.Build.0 = Debug|Win32
		{536BCE91-9AA3-447D-9A5F-1A0FF6FCE533}.LAME debug|Win32.ActiveCfg = Debug|Win32
		{536BCE91-9AA3-447D-9A5F-1A0FF6FCE533}.LAME debug|Win32.Build.0 = Debug|Win32
		{536BCE91-9AA3-447D-9A5F-1A0FF6FCE533}.LAME release Nasm|Win32.ActiveCfg = Debug|Win32
		{536BCE91-9AA3-447D-9A5F-1A0FF6FCE533}.LAME release Nasm|Win32.Build.0 = Debug|Win32
		{536BCE91-9AA3-447D-9A5F-1A0FF6FCE533}.LAME release|Win32.ActiveCfg = Debug|Win32
		{536BCE91-9AA3-447D-9A5F-1A0FF6FCE533}.LAME release|Win32.Build.0 = Debug|Win32
		{536BCE91-9AA3-447D-9A5F-1A0FF6FCE533}.Mp3X debug|Win32.ActiveCfg = Debug|Win32
		{536BCE91-9AA3-447D-9A5F-1A0FF6FCE533}.Mp3X debug|Win32.Build.0 = Debug|Win32
		{536BCE91-9AA3-447D-9A5F-1A0FF6FCE533}.Release - Fast FPU|Win32.ActiveCfg = Release|Win32
		{536BCE91-9AA3-447D-9A5F-1A0FF6FCE533}.Release - Fast FPU|Win32.Build.0 = Release|Win32
		{536BCE91-9AA3-447D-9A5F-1A0FF6FCE533}.Release GTK|Win32.ActiveCfg = Release|Win32
		{536BCE91-9AA3-447D-9A5F-1A0FF6FCE533}.Release GTK|Win32.Build.0 = Release|Win32
		{536BCE91-9AA3-447D-9A5F-1A0FF6FCE533}.Release NASM|Win32.ActiveCfg = Release|Win32
		{536BCE91-9AA3-447D-9A5F-1A0FF6FCE533}.Release NASM|Win32.Build.0 = Release|Win32
		{536BCE91-9AA3-447D-9A5F-1A0FF6FCE533}.Release_NoSTDIO|Win32.ActiveCfg = Release|Win32
		{536BCE91-9AA3-447D-9A5F-1A0FF6FCE533}.Release_NoSTDIO|Win32.Build.0 = Release|Win32
		{536BCE91-9AA3-447D-9A5F-1A0FF6FCE533}.Release|Win32.ActiveCfg = Release|Win32
		{536BCE91-9AA3-447D-9A5F-1A0FF6FCE533}.Release|Win32.Build.0 = Release|Win32
		{07CC6507-C2F1-4855-83FB-E68F148DA16F}.ACM debug|Win32.ActiveCfg = Debug|Win32
		{07CC6507-C2F1-4855-83FB-E68F148DA16F}.ACM debug|Win32.Build.0 = Debug|Win32
		{07CC6507-C2F1-4855-83FB-E68F148DA16F}.ACM release Nasm|Win32.ActiveCfg = Debug|Win32
		{07CC6507-C2F1-4855-83FB-E68F148DA16F}.ACM release Nasm|Win32.Build.0 = Debug|Win32
		{07CC6507-C2F1-4855-83FB-E68F148DA16F}.ACM release|Win32.ActiveCfg = Debug|Win32
		{07CC6507-C2F1-4855-83FB-E68F148DA16F}.ACM release|Win32.Build.0 = Debug|Win32
		{07CC6507-C2F1-4855-83FB-E68F148DA16F}.Debug GTK|Win32.ActiveCfg = Debug|Win32
		{07CC6507-C2F1-4855-83FB-E68F148DA16F}.Debug GTK|Win32.Build.0 = Debug|Win32
		{07CC6507-C2F1-4855-83FB-E68F148DA16F}.Debug NASM|Win32.ActiveCfg = Debug|Win32
		{07CC6507-C2F1-4855-83FB-E68F148DA16F}.Debug NASM|Win32.Build.0 = Debug|Win32
		{07CC6507-C2F1-4855-83FB-E68F148DA16F}.Debug|Win32.ActiveCfg = Debug|Win32
		{07CC6507-C2F1-4855-83FB-E68F148DA16F}.Debug|Win32.Build.0 = Debug|Win32
		{07CC6507-C2F1-4855-83FB-E68F148DA16F}.Demo|Win32.ActiveCfg = Debug|Win32
		{07CC6507-C2F1-4855-83FB-E68F148DA16F}.Demo|Win32.Build.0 = Debug|Win32
		{07CC6507-C2F1-4855-83FB-E68F148DA16F}.dll debug|Win32.ActiveCfg = Debug|Win32
		{07CC6507-C2F1-4855-83FB-E68F148DA16F}.dll debug|Win32.Build.0 = Debug|Win32
		{07CC6507-C2F1-4855-83FB-E68F148DA16F}.dll release Nasm|Win32.ActiveCfg = Debug|Win32
		{07CC6507-C2F1-4855-83FB-E68F148DA16F}.dll release Nasm|Win32.Build.0 = Debug|Win32
		{07CC6507-C2F1-4855-83FB-E68F148DA16F}.dll release|Win32.ActiveCfg = Debug|Win32
		{07CC6507-C2F1-4855-83FB-E68F148DA16F}.dll release|Win32.Build.0 = Debug|Win32
		{07CC6507-C2F1-4855-83FB-E68F148DA16F}.LAME debug|Win32.ActiveCfg = Debug|Win32
		{07CC6507-C2F1-4855-83FB-E68F148DA16F}.LAME debug|Win32.Build.0 = Debug|Win32
		{07CC6507-C2F1-4855-83FB-E68F148DA16F}.LAME release Nasm|Win32.ActiveCfg = Debug|Win32
		{07CC6507-C2F1-4855-83FB-E68F148DA16F}.LAME release Nasm|Win32.Build.0 = Debug|Win32
		{07CC6507-C2F1-4855-83FB-E68F148DA16F}.LAME release|Win32.ActiveCfg = Debug|Win32
		{07CC6507-C2F1-4855-83FB-E68F148DA16F}.LAME release|Win32.Build.0 = Debug|Win32
		{07CC6507-C2F1-4855-83FB-E68F148DA16F}.Mp3X debug|Win32.ActiveCfg = Debug|Win32
		{07CC6507-C2F1-4855-83FB-E68F148DA16F}.Mp3X debug|Win32.Build.0 = Debug|Win32
		{07CC6507-C2F1-4855-83FB-E68F148DA16F}.Release - Fast FPU|Win32.ActiveCfg = Release|Win32
		{07CC6507-C2F1-4855-83FB-E68F148DA16F}.Release - Fast FPU|Win32.Build.0 = Release|Win32
		{07CC6507-C2F1-4855-83FB-E68F148DA16F}.Release GTK|Win32.ActiveCfg = Release|Win32
		{07CC6507-C2F1-4855-83FB-E68F148DA16F}.Release GTK|Win32.Build.0 = Release|Win32
		{07CC6507-C2F1-4855-83FB-E68F148DA16F}.Release NASM|Win32.ActiveCfg = Release|Win32
		{07CC6507-C2F1-4855-83FB-E68F148DA16F}.Release NASM|Win32.Build.0 = Release|Win32
		{07CC6507-C2F1-4855-83FB-E68F148DA16F}.Release_NoSTDIO|Win32.ActiveCfg = Release|Win32
		{07CC6507-C2F1-4855-83FB-E68F148DA16F}.Release_NoSTDIO|Win32.Build.0 = Release|Win32
		{07CC6507-C2F1-4855-83FB-E68F148DA16F}.Release|Win32.ActiveCfg = Release|Win32
		{07CC6507-C2F1-4855-83FB-E68F148DA16F}.Release|Win32.Build.0 = Release|Win32
		{763BB4E3-C9A0-469F-98B4-8604A8484560}.ACM debug|Win32.ActiveCfg = Debug|Win32
		{763BB4E3-C9A0-469F-98B4-8604A8484560}.ACM debug|Win32.Build.0 = Debug|Win32
		{763BB4E3-C9A0-469F-98B4-8604A8484560}.ACM release Nasm|Win32.ActiveCfg = Debug|Win32
		{763BB4E3-C9A0-469F-98B4-8604A8484560}.ACM release Nasm|Win32.Build.0 = Debug|Win32
		{763BB4E3-C9A0-469F-98B4-8604A8484560}.ACM release|Win32.ActiveCfg = Debug|Win32
		{763BB4E3-C9A0-469F-98B4-8604A8484560}.ACM release|Win32.Build.0 = Debug|Win32
		{763BB4E3-C9A0-469F-98B4-8604A8484560}.Debug GTK|Win32.ActiveCfg = Debug|Win32
		{763BB4E3-C9A0-469F-98B4-8604A8484560}.Debug GTK|Win32.Build.0 = Debug|Win32
		{763BB4E3-C9A0-469F-98B4-8604A8484560}.Debug NASM|Win32.ActiveCfg = Debug|Win32
		{763BB4E3-C9A0-469F-98B4-8604A8484560}.Debug NASM|Win32.Build.0 = Debug|Win32
		{763BB4E3-C9A0-469F-98B4-8604A8484560}.Debug|Win32.ActiveCfg = Debug|Win32
		{763BB4E3-C9A0-469F-98B4-8604A8484560}.Debug|Win32.Build.0 = Debug|Win32
		{763BB4E3-C9A0-469F-98B4-8604A8484560}.Demo|Win32.ActiveCfg = Debug|Win32
		{763BB4E3-C9A0-469F-98B4-8604A8484560}.Demo|Win32.Build.0 = Debug|Win32
		{763BB4E3-C9A0-469F-98B4-8604A8484560}.dll debug|Win32.ActiveCfg = Debug|Win32
		{763BB4E3-C9A0-469F-98B4-8604A8484560}.dll debug|Win32.Build.0 = Debug|Win32
		{763BB4E3-C9A0-469F-98B4-8604A8484560}.dll release Nasm|Win32.ActiveCfg = Debug|Win32
		{763BB4E3-C9A0-469F-98B4-8604A8484560}.dll release Nasm|Win32.Build.0 = Debug|Win32
		{763BB4E3-C9A0-469F-98B4-8604A8484560}.dll release|Win32.ActiveCfg = Debug|Win32
		{763BB4E3-C9A0-469F-98B4-8604A8484560}.dll release|Win32.Build.0 = Debug|Win32
		{763BB4E3-C9A0-469F-98B4-8604A8484560}.LAME debug|Win32.ActiveCfg = Debug|Win32
		{763BB4E3-C9A0-469F-98B4-8604A8484560}.LAME debug|Win32.Build.0 = Debug|Win32
		{763BB4E3-C9A0-469F-98B4-8604A8484560}.LAME release Nasm|Win32.ActiveCfg = Debug|Win32
		{763BB4E3-C9A0-469F-98B4-8604A8484560}.LAME release Nasm|Win32.Build.0 = Debug|Win32
		{763BB4E3-C9A0-469F-98B4-8604A8484560}.LAME release|Win32.ActiveCfg = Debug|Win32
		{763BB4E3-C9A0-469F-98B4-8604A8484560}.LAME release|Win32.Build.0 = Debug|Win32
		{763BB4E3-C9A0-469F-98B4-8604A8484560}.Mp3X debug|Win32.ActiveCfg = Debug|Win32
		{763BB4E3-C9A0-469F-98B4-8604A8484560}.Mp3X debug|Win32.Build.0 = Debug|Win32
		{763BB4E3-C9A0-469F-98B4-8604A8484560}.Release - Fast FPU|Win32.ActiveCfg = Release|Win32
		{763BB4E3-C9A0-469F-98B4-8604A8484560}.Release - Fast FPU|Win32.Build.0 = Release|Win32
		{763BB4E3-C9A0-469F-98B4-8604A8484560}.Release GTK|Win32.ActiveCfg = Release|Win32
		{763BB4E3-C9A0-469F-98B4-8604A8484560}.Release GTK|Win32.Build.0 = Release|Win32
		{763BB4E3-C9A0-469F-98B4-8604A8484560}.Release NASM|Win32.ActiveCfg = Release|Win32
		{763BB4E3-C9A0-469F-98B4-8604A8484560}.Release NASM|Win32.Build.0 = Release|Win32
		{763BB4E3-C9A0-469F-98B4-8604A8484560}.Release_NoSTDIO|Win32.ActiveCfg = Release|Win32
		{763BB4E3-C9A0-469F-98B4-8604A8484560}.Release_NoSTDIO|Win32.Build.0 = Release|Win32
		{763BB4E3-C9A0-469F-98B4-8604A8484560}.Release|Win32.ActiveCfg = Release|Win32
		{763BB4E3-C9A0-469F-98B4-8604A8484560}.Release|Win32.Build.0 = Release|Win32
		{DD09F861-A996-4F9C-87B3-8AE7FBBCF74E}.ACM debug|Win32.ActiveCfg = Release|Win32
		{DD09F861-A996-4F9C-87B3-8AE7FBBCF74E}.ACM debug|Win32.Build.0 = Release|Win32
		{DD09F861-A996-4F9C-87B3-8AE7FBBCF74E}.ACM release Nasm|Win32.ActiveCfg = Release|Win32
		{DD09F861-A996-4F9C-87B3-8AE7FBBCF74E}.ACM release Nasm|Win32.Build.0 = Release|Win32
		{DD09F861-A996-4F9C-87B3-8AE7FBBCF74E}.ACM release|Win32.ActiveCfg = Release|Win32
		{DD09F861-A996-4F9C-87B3-8AE7FBBCF74E}.ACM release|Win32.Build.0 = Release|Win32
		{DD09F861-A996-4F9C-87B3-8AE7FBBCF74E}.Debug GTK|Win32.ActiveCfg = Debug|Win32
		{DD09F861-A996-4F9C-87B3-8AE7FBBCF74E}.Debug GTK|Win32.Build.0 = Debug|Win32
		{DD09F861-A996-4F9C-87B3-8AE7FBBCF74E}.Debug NASM|Win32.ActiveCfg = Debug|Win32
		{DD09F861-A996-4F9C-87B3-8AE7FBBCF74E}.Debug NASM|Win32.Build.0 = Debug|Win32
		{DD09F861-A996-4F9C-87B3-8AE7FBBCF74E}.Debug|Win32.ActiveCfg = Debug|Win32
		{DD09F861-A996-4F9C-87B3-8AE7FBBCF74E}.Debug|Win32.Build.0 = Debug|Win32
		{DD09F861-A996-4F9C-87B3-8AE7FBBCF74E}.Demo|Win32.ActiveCfg = Debug|Win32
		{DD09F861-A996-4F9C-87B3-8AE7FBBCF74E}.Demo|Win32.Build.0 = Debug|Win32
		{DD09F861-A996-4F9C-87B3-8AE7FBBCF74E}.dll debug|Win32.ActiveCfg = Debug|Win32
		{DD09F861-A996-4F9C-87B3-8AE7FBBCF74E}.dll debug|Win32.Build.0 = Debug|Win32
		{DD09F861-A996-4F9C-87B3-8AE7FBBCF74E}.dll release Nasm|Win32.ActiveCfg = Debug|Win32
		{DD09F861-A996-4F9C-87B3-8AE7FBBCF74E}.dll release Nasm|Win32.Build.0 = Debug|Win32
		{DD09F861-A996-4F9C-87B3-8AE7FBBCF74E}.dll release|Win32.ActiveCfg = Debug|Win32
		{DD09F861-A996-4F9C-87B3-8AE7FBBCF74E}.dll release|Win32.Build.0 = Debug|Win32
		{DD09F861-A996-4F9C-87B3-8AE7FBBCF74E}.LAME debug|Win32.ActiveCfg = Release|Win32
		{DD09F861-A996-4F9C-87B3-8AE7FBBCF74E}.LAME debug|Win32.Build.0 = Release|Win32
		{DD09F861-A996-4F9C-87B3-8AE7FBBCF74E}.LAME release Nasm|Win32.ActiveCfg = Release|Win32
		{DD09F861-A996-4F9C-87B3-8AE7FBBCF74E}.LAME release Nasm|Win32.Build.0 = Release|Win32
		{DD09F861-A996-4F9C-87B3-8AE7FBBCF74E}.LAME release|Win32.ActiveCfg = Release|Win32
		{DD09F861-A996-4F9C-87B3-8AE7FBBCF74E}.LAME release|Win32.Build.0 = Release|Win32
		{DD09F861-A996-4F9C-87B3-8AE7FBBCF74E}.Mp3X debug|Win32.ActiveCfg = Release|Win32
		{DD09F861-A996-4F9C-87B3-8AE7FBBCF74E}.Mp3X debug|Win32.Build.0 = Release|Win32
		{DD09F861-A996-4F9C-87B3-8AE7FBBCF74E}.Release - Fast FPU|Win32.ActiveCfg = Release|Win32
		{DD09F861-A996-4F9C-87B3-8AE7FBBCF74E}.Release - Fast FPU|Win32.Build.0 = Release|Win32
		{DD09F861-A996-4F9C-87B3-8AE7FBBCF74E}.Release GTK|Win32.ActiveCfg = Release|Win32
		{DD09F861-A996-4F9C-87B3-8AE7FBBCF74E}.Release GTK|Win32.Build.0 = Release|Win32
		{DD09F861-A996-4F9C-87B3-8AE7FBBCF74E}.Release NASM|Win32.ActiveCfg = Release|Win32
		{DD09F861-A996-4F9C-87B3-8AE7FBBCF74E}.Release NASM|Win32.Build.0 = Release|Win32
		{DD09F861-A996-4F9C-87B3-8AE7FBBCF74E}.Release_NoSTDIO|Win32.ActiveCfg = Release|Win32
		{DD09F861-A996-4F9C-87B3-8AE7FBBCF74E}.Release_NoSTDIO|Win32.Build.0 = Release|Win32
		{DD09F861-A996-4F9C-87B3-8AE7FBBCF74E}.Release|Win32.ActiveCfg = Release|Win32
		{DD09F861-A996-4F9C-87B3-8AE7FBBCF74E}.Release|Win32.Build.0 = Release|Win32
		{CC8D236E-AF28-441D-9BE0-3B165F790796}.ACM debug|Win32.ActiveCfg = Release|Win32
		{CC8D236E-AF28-441D-9BE0-3B165F790796}.ACM debug|Win32.Build.0 = Release|Win32
		{CC8D236E-AF28-441D-9BE0-3B165F790796}.ACM release Nasm|Win32.ActiveCfg = Release|Win32
		{CC8D236E-AF28-441D-9BE0-3B165F790796}.ACM release Nasm|Win32.Build.0 = Release|Win32
		{CC8D236E-AF28-441D-9BE0-3B165F790796}.ACM release|Win32.ActiveCfg = Release|Win32
		{CC8D236E-AF28-441D-9BE0-3B165F790796}.ACM release|Win32.Build.0 = Release|Win32
		{CC8D236E-AF28-441D-9BE0-3B165F790796}.Debug GTK|Win32.ActiveCfg = Debug|Win32
		{CC8D236E-AF28-441D-9BE0-3B165F790796}.Debug GTK|Win32.Build.0 = Debug|Win32
		{CC8D236E-AF28-441D-9BE0-3B165F790796}.Debug NASM|Win32.ActiveCfg = Debug|Win32
		{CC8D236E-AF28-441D-9BE0-3B165F790796}.Debug NASM|Win32.Build.0 = Debug|Win32
		{CC8D236E-AF28-441D-9BE0-3B165F790796}.Debug|Win32.ActiveCfg = Debug|Win32
		{CC8D236E-AF28-441D-9BE0-3B165F790796}.Debug|Win32.Build.0 = Debug|Win32
		{CC8D236E-AF28-441D-9BE0-3B165F790796}.Demo|Win32.ActiveCfg = Debug|Win32
		{CC8D236E-AF28-441D-9BE0-3B165F790796}.Demo|Win32.Build.0 = Debug|Win32
		{CC8D236E-AF28-441D-9BE0-3B165F790796}.dll debug|Win32.ActiveCfg = Debug|Win32
		{CC8D236E-AF28-441D-9BE0-3B165F790796}.dll debug|Win32.Build.0 = Debug|Win32
		{CC8D236E-AF28-441D-9BE0-3B165F790796}.dll release Nasm|Win32.ActiveCfg = Debug|Win32
		{CC8D236E-AF28-441D-9BE0-3B165F790796}.dll release Nasm|Win32.Build.0 = Debug|Win32
		{CC8D236E-AF28-441D-9BE0-3B165F790796}.dll release|Win32.ActiveCfg = Debug|Win32
		{CC8D236E-AF28-441D-9BE0-3B165F790796}.dll release|Win32.Build.0 = Debug|Win32
		{CC8D236E-AF28-441D-9BE0-3B165F790796}.LAME debug|Win32.ActiveCfg = Release|Win32
		{CC8D236E-AF28-441D-9BE0-3B165F790796}.LAME debug|Win32.Build.0 = Release|Win32
		{CC8D236E-AF28-441D-9BE0-3B165F790796}.LAME release Nasm|Win32.ActiveCfg = Release|Win32
		{CC8D236E-AF28-441D-9BE0-3B165F790796}.LAME release Nasm|Win32.Build.0 = Release|Win32
		{CC8D236E-AF28-441D-9BE0-3B165F790796}.LAME release|Win32.ActiveCfg = Release|Win32
		{CC8D236E-AF28-441D-9BE0-3B165F790796}.LAME release|Win32.Build.0 = Release|Win32
		{CC8D236E-AF28-441D-9BE0-3B165F790796}.Mp3X debug|Win32.ActiveCfg = Release|Win32
		{CC8D236E-AF28-441D-9BE0-3B165F790796}.Mp3X debug|Win32.Build.0 = Release|Win32
		{CC8D236E-AF28-441D-9BE0-3B165F790796}.Release - Fast FPU|Win32.ActiveCfg = Release|Win32
		{CC8D236E-AF28-441D-9BE0-3B165F790796}.Release - Fast FPU|Win32.Build.0 = Release|Win32
		{CC8D236E-AF28-441D-9BE0-3B165F790796}.Release GTK|Win32.ActiveCfg = Release|Win32
		{CC8D236E-AF28-441D-9BE0-3B165F790796}.Release GTK|Win32.Build.0 = Release|Win32
		{CC8D236E-AF28-441D-9BE0-3B165F790796}.Release NASM|Win32.ActiveCfg = Release|Win32
		{CC8D236E-AF28-441D-9BE0-3B165F790796}.Release NASM|Win32.Build.0 = Release|Win32
		{CC8D236E-AF28-441D-9BE0-3B165F790796}.Release_NoSTDIO|Win32.ActiveCfg = Release|Win32
		{CC8D236E-AF28-441D-9BE0-3B165F790796}.Release_NoSTDIO|Win32.Build.0 = Release|Win32
		{CC8D236E-AF28-441D-9BE0-3B165F790796}.Release|Win32.ActiveCfg = Release|Win32
		{CC8D236E-AF28-441D-9BE0-3B165F790796}.Release|Win32.Build.0 = Release|Win32
	EndGlobalSection
	GlobalSection(SolutionProperties) = preSolution
		HideSolutionNode = FALSE
	EndGlobalSection
EndGlobal
