Microsoft Visual Studio Solution File, Format Version 8.00
Project("{8BC9CEB8-8B4A-11D0-8D11-00A0C91BC942}") = "mikmod", "..\..\SDL_mixer-1.2.7\VisualC\mikmod\mikmod.vcproj", "{50387B26-21D7-40D8-AFCF-CD146CB9F000}"
	ProjectSection(ProjectDependencies) = postProject
	EndProjectSection
EndProject
Project("{8BC9CEB8-8B4A-11D0-8D11-00A0C91BC942}") = "native_midi", "..\..\SDL_mixer-1.2.7\VisualC\native_midi\native_midi.vcproj", "{F7D104E8-CDA0-4D78-B2B1-6F14631B2953}"
	ProjectSection(ProjectDependencies) = postProject
	EndProjectSection
EndProject
Project("{8BC9CEB8-8B4A-11D0-8D11-00A0C91BC942}") = "timidity", "..\..\SDL_mixer-1.2.7\VisualC\timidity\timidity.vcproj", "{08CD8022-B9E7-475E-9086-8983235E7BF3}"
	ProjectSection(ProjectDependencies) = postProject
	EndProjectSection
EndProject
Project("{8BC9CEB8-8B4A-11D0-8D11-00A0C91BC942}") = "SDL_mixer", "..\..\SDL_mixer-1.2.7\VisualC\SDL_mixer.vcproj", "{4E8566DB-CBAC-4B9A-81B5-09BB85090326}"
	ProjectSection(ProjectDependencies) = postProject
		{9503F50D-E494-4D2A-9ED1-92CAE426B501} = {9503F50D-E494-4D2A-9ED1-92CAE426B501}
		{08CD8022-B9E7-475E-9086-8983235E7BF3} = {08CD8022-B9E7-475E-9086-8983235E7BF3}
		{50387B26-21D7-40D8-AFCF-CD146CB9F000} = {50387B26-21D7-40D8-AFCF-CD146CB9F000}
		{0D0C733B-62AA-45B2-B250-BFDE1E6073AE} = {0D0C733B-62AA-45B2-B250-BFDE1E6073AE}
		{FEEE4766-198B-4C4C-B973-D6A1D562ADDF} = {FEEE4766-198B-4C4C-B973-D6A1D562ADDF}
		{0F54D797-C2FD-4C18-AC4E-7A6917997534} = {0F54D797-C2FD-4C18-AC4E-7A6917997534}
		{F7D104E8-CDA0-4D78-B2B1-6F14631B2953} = {F7D104E8-CDA0-4D78-B2B1-6F14631B2953}
		{FC3837F8-7648-4AF6-845A-49810F09E905} = {FC3837F8-7648-4AF6-845A-49810F09E905}
	EndProjectSection
EndProject
Project("{8BC9CEB8-8B4A-11D0-8D11-00A0C91BC942}") = "d2x-xl", "VisualC\d2xgl\d2xgl.vcproj", "{1C9AA6BF-147B-4027-848A-B33038B49BFE}"
	ProjectSection(ProjectDependencies) = postProject
		{9503F50D-E494-4D2A-9ED1-92CAE426B501} = {9503F50D-E494-4D2A-9ED1-92CAE426B501}
		{08CD8022-B9E7-475E-9086-8983235E7BF3} = {08CD8022-B9E7-475E-9086-8983235E7BF3}
		{50387B26-21D7-40D8-AFCF-CD146CB9F000} = {50387B26-21D7-40D8-AFCF-CD146CB9F000}
		{0D0C733B-62AA-45B2-B250-BFDE1E6073AE} = {0D0C733B-62AA-45B2-B250-BFDE1E6073AE}
		{FEEE4766-198B-4C4C-B973-D6A1D562ADDF} = {FEEE4766-198B-4C4C-B973-D6A1D562ADDF}
		{0F54D797-C2FD-4C18-AC4E-7A6917997534} = {0F54D797-C2FD-4C18-AC4E-7A6917997534}
		{D27227AC-13CC-4901-9F73-A184D7CB24AD} = {D27227AC-13CC-4901-9F73-A184D7CB24AD}
		{4E8566DB-CBAC-4B9A-81B5-09BB85090326} = {4E8566DB-CBAC-4B9A-81B5-09BB85090326}
		{F7D104E8-CDA0-4D78-B2B1-6F14631B2953} = {F7D104E8-CDA0-4D78-B2B1-6F14631B2953}
		{FC3837F8-7648-4AF6-845A-49810F09E905} = {FC3837F8-7648-4AF6-845A-49810F09E905}
	EndProjectSection
EndProject
Project("{8BC9CEB8-8B4A-11D0-8D11-00A0C91BC942}") = "libmve", "VisualC\libmve\libmve.vcproj", "{D27227AC-13CC-4901-9F73-A184D7CB24AD}"
	ProjectSection(ProjectDependencies) = postProject
	EndProjectSection
EndProject
Project("{8BC9CEB8-8B4A-11D0-8D11-00A0C91BC942}") = "ogg_dynamic", "..\..\libogg-1.1.3\win32\ogg_dynamic.vcproj", "{9503F50D-E494-4D2A-9ED1-92CAE426B501}"
	ProjectSection(ProjectDependencies) = postProject
	EndProjectSection
EndProject
Project("{8BC9CEB8-8B4A-11D0-8D11-00A0C91BC942}") = "vorbis_dynamic", "..\..\libvorbis-1.1.2\win32\vorbis_dynamic.vcproj", "{0D0C733B-62AA-45B2-B250-BFDE1E6073AE}"
	ProjectSection(ProjectDependencies) = postProject
		{9503F50D-E494-4D2A-9ED1-92CAE426B501} = {9503F50D-E494-4D2A-9ED1-92CAE426B501}
	EndProjectSection
EndProject
Project("{8BC9CEB8-8B4A-11D0-8D11-00A0C91BC942}") = "vorbisfile_dynamic", "..\..\libvorbis-1.1.2\win32\vorbisfile_dynamic.vcproj", "{0F54D797-C2FD-4C18-AC4E-7A6917997534}"
	ProjectSection(ProjectDependencies) = postProject
		{9503F50D-E494-4D2A-9ED1-92CAE426B501} = {9503F50D-E494-4D2A-9ED1-92CAE426B501}
		{0D0C733B-62AA-45B2-B250-BFDE1E6073AE} = {0D0C733B-62AA-45B2-B250-BFDE1E6073AE}
	EndProjectSection
EndProject
Project("{8BC9CEB8-8B4A-11D0-8D11-00A0C91BC942}") = "SDL", "..\..\SDL-1.2.11\VisualC\SDL\SDL.vcproj", "{FC3837F8-7648-4AF6-845A-49810F09E905}"
	ProjectSection(ProjectDependencies) = postProject
	EndProjectSection
EndProject
Project("{8BC9CEB8-8B4A-11D0-8D11-00A0C91BC942}") = "SDLmain", "..\..\SDL-1.2.11\VisualC\SDLmain\SDLmain.vcproj", "{FEEE4766-198B-4C4C-B973-D6A1D562ADDF}"
	ProjectSection(ProjectDependencies) = postProject
	EndProjectSection
EndProject
Project("{8BC9CEB8-8B4A-11D0-8D11-00A0C91BC942}") = "smpeg", "..\..\smpeg-0.4.4\VisualC\smpeg.vcproj", "{DD09F861-A996-4F9C-87B3-8AE7FBBCF74E}"
	ProjectSection(ProjectDependencies) = postProject
		{FEEE4766-198B-4C4C-B973-D6A1D562ADDF} = {FEEE4766-198B-4C4C-B973-D6A1D562ADDF}
		{FC3837F8-7648-4AF6-845A-49810F09E905} = {FC3837F8-7648-4AF6-845A-49810F09E905}
	EndProjectSection
EndProject
Project("{8BC9CEB8-8B4A-11D0-8D11-00A0C91BC942}") = "libmad", "..\..\libmad-0.15.1b\msvc++\libmad.vcproj", "{0FF59DD8-9902-4DE8-898D-F2F08322CCD0}"
	ProjectSection(ProjectDependencies) = postProject
	EndProjectSection
EndProject
Project("{8BC9CEB8-8B4A-11D0-8D11-00A0C91BC942}") = "d2x-trackir", "d2x-trackir\d2x-trackir.vcproj", "{CE17E0B1-3327-4BCE-93E4-D7B74F5A1A7A}"
	ProjectSection(ProjectDependencies) = postProject
	EndProjectSection
EndProject
Global
	GlobalSection(SolutionConfiguration) = preSolution
		ACM debug = ACM debug
		ACM release = ACM release
		ACM release Nasm = ACM release Nasm
		Debug = Debug
		Debug GTK = Debug GTK
		Debug NASM = Debug NASM
		Demo = Demo
		dll debug = dll debug
		dll release = dll release
		dll release Nasm = dll release Nasm
		LAME debug = LAME debug
		LAME release = LAME release
		LAME release Nasm = LAME release Nasm
		Mp3X debug = Mp3X debug
		Release = Release
		Release GTK = Release GTK
		Release NASM = Release NASM
		Release_NoSTDIO = Release_NoSTDIO
	EndGlobalSection
	GlobalSection(ProjectConfiguration) = postSolution
		{50387B26-21D7-40D8-AFCF-CD146CB9F000}.ACM debug.ActiveCfg = Debug|Win32
		{50387B26-21D7-40D8-AFCF-CD146CB9F000}.ACM release.ActiveCfg = Debug|Win32
		{50387B26-21D7-40D8-AFCF-CD146CB9F000}.ACM release Nasm.ActiveCfg = Debug|Win32
		{50387B26-21D7-40D8-AFCF-CD146CB9F000}.Debug.ActiveCfg = Debug|Win32
		{50387B26-21D7-40D8-AFCF-CD146CB9F000}.Debug GTK.ActiveCfg = Debug|Win32
		{50387B26-21D7-40D8-AFCF-CD146CB9F000}.Debug NASM.ActiveCfg = Debug|Win32
		{50387B26-21D7-40D8-AFCF-CD146CB9F000}.Demo.ActiveCfg = Debug|Win32
		{50387B26-21D7-40D8-AFCF-CD146CB9F000}.dll debug.ActiveCfg = Debug|Win32
		{50387B26-21D7-40D8-AFCF-CD146CB9F000}.dll release.ActiveCfg = Debug|Win32
		{50387B26-21D7-40D8-AFCF-CD146CB9F000}.dll release Nasm.ActiveCfg = Debug|Win32
		{50387B26-21D7-40D8-AFCF-CD146CB9F000}.LAME debug.ActiveCfg = Debug|Win32
		{50387B26-21D7-40D8-AFCF-CD146CB9F000}.LAME release.ActiveCfg = Debug|Win32
		{50387B26-21D7-40D8-AFCF-CD146CB9F000}.LAME release Nasm.ActiveCfg = Debug|Win32
		{50387B26-21D7-40D8-AFCF-CD146CB9F000}.Mp3X debug.ActiveCfg = Debug|Win32
		{50387B26-21D7-40D8-AFCF-CD146CB9F000}.Release.ActiveCfg = Release|Win32
		{50387B26-21D7-40D8-AFCF-CD146CB9F000}.Release GTK.ActiveCfg = Release|Win32
		{50387B26-21D7-40D8-AFCF-CD146CB9F000}.Release NASM.ActiveCfg = Release|Win32
		{50387B26-21D7-40D8-AFCF-CD146CB9F000}.Release_NoSTDIO.ActiveCfg = Release|Win32
		{F7D104E8-CDA0-4D78-B2B1-6F14631B2953}.ACM debug.ActiveCfg = Debug|Win32
		{F7D104E8-CDA0-4D78-B2B1-6F14631B2953}.ACM release.ActiveCfg = Debug|Win32
		{F7D104E8-CDA0-4D78-B2B1-6F14631B2953}.ACM release Nasm.ActiveCfg = Debug|Win32
		{F7D104E8-CDA0-4D78-B2B1-6F14631B2953}.Debug.ActiveCfg = Debug|Win32
		{F7D104E8-CDA0-4D78-B2B1-6F14631B2953}.Debug GTK.ActiveCfg = Debug|Win32
		{F7D104E8-CDA0-4D78-B2B1-6F14631B2953}.Debug NASM.ActiveCfg = Debug|Win32
		{F7D104E8-CDA0-4D78-B2B1-6F14631B2953}.Demo.ActiveCfg = Debug|Win32
		{F7D104E8-CDA0-4D78-B2B1-6F14631B2953}.dll debug.ActiveCfg = Debug|Win32
		{F7D104E8-CDA0-4D78-B2B1-6F14631B2953}.dll release.ActiveCfg = Debug|Win32
		{F7D104E8-CDA0-4D78-B2B1-6F14631B2953}.dll release Nasm.ActiveCfg = Debug|Win32
		{F7D104E8-CDA0-4D78-B2B1-6F14631B2953}.LAME debug.ActiveCfg = Debug|Win32
		{F7D104E8-CDA0-4D78-B2B1-6F14631B2953}.LAME release.ActiveCfg = Debug|Win32
		{F7D104E8-CDA0-4D78-B2B1-6F14631B2953}.LAME release Nasm.ActiveCfg = Debug|Win32
		{F7D104E8-CDA0-4D78-B2B1-6F14631B2953}.Mp3X debug.ActiveCfg = Debug|Win32
		{F7D104E8-CDA0-4D78-B2B1-6F14631B2953}.Release.ActiveCfg = Release|Win32
		{F7D104E8-CDA0-4D78-B2B1-6F14631B2953}.Release GTK.ActiveCfg = Release|Win32
		{F7D104E8-CDA0-4D78-B2B1-6F14631B2953}.Release NASM.ActiveCfg = Release|Win32
		{F7D104E8-CDA0-4D78-B2B1-6F14631B2953}.Release_NoSTDIO.ActiveCfg = Release|Win32
		{08CD8022-B9E7-475E-9086-8983235E7BF3}.ACM debug.ActiveCfg = Debug|Win32
		{08CD8022-B9E7-475E-9086-8983235E7BF3}.ACM release.ActiveCfg = Debug|Win32
		{08CD8022-B9E7-475E-9086-8983235E7BF3}.ACM release Nasm.ActiveCfg = Debug|Win32
		{08CD8022-B9E7-475E-9086-8983235E7BF3}.Debug.ActiveCfg = Debug|Win32
		{08CD8022-B9E7-475E-9086-8983235E7BF3}.Debug GTK.ActiveCfg = Debug|Win32
		{08CD8022-B9E7-475E-9086-8983235E7BF3}.Debug NASM.ActiveCfg = Debug|Win32
		{08CD8022-B9E7-475E-9086-8983235E7BF3}.Demo.ActiveCfg = Debug|Win32
		{08CD8022-B9E7-475E-9086-8983235E7BF3}.dll debug.ActiveCfg = Debug|Win32
		{08CD8022-B9E7-475E-9086-8983235E7BF3}.dll release.ActiveCfg = Debug|Win32
		{08CD8022-B9E7-475E-9086-8983235E7BF3}.dll release Nasm.ActiveCfg = Debug|Win32
		{08CD8022-B9E7-475E-9086-8983235E7BF3}.LAME debug.ActiveCfg = Debug|Win32
		{08CD8022-B9E7-475E-9086-8983235E7BF3}.LAME release.ActiveCfg = Debug|Win32
		{08CD8022-B9E7-475E-9086-8983235E7BF3}.LAME release Nasm.ActiveCfg = Debug|Win32
		{08CD8022-B9E7-475E-9086-8983235E7BF3}.Mp3X debug.ActiveCfg = Debug|Win32
		{08CD8022-B9E7-475E-9086-8983235E7BF3}.Release.ActiveCfg = Release|Win32
		{08CD8022-B9E7-475E-9086-8983235E7BF3}.Release GTK.ActiveCfg = Release|Win32
		{08CD8022-B9E7-475E-9086-8983235E7BF3}.Release NASM.ActiveCfg = Release|Win32
		{08CD8022-B9E7-475E-9086-8983235E7BF3}.Release_NoSTDIO.ActiveCfg = Release|Win32
		{4E8566DB-CBAC-4B9A-81B5-09BB85090326}.ACM debug.ActiveCfg = Release|Win32
		{4E8566DB-CBAC-4B9A-81B5-09BB85090326}.ACM release.ActiveCfg = Release|Win32
		{4E8566DB-CBAC-4B9A-81B5-09BB85090326}.ACM release Nasm.ActiveCfg = Release|Win32
		{4E8566DB-CBAC-4B9A-81B5-09BB85090326}.Debug.ActiveCfg = Debug|Win32
		{4E8566DB-CBAC-4B9A-81B5-09BB85090326}.Debug GTK.ActiveCfg = Debug|Win32
		{4E8566DB-CBAC-4B9A-81B5-09BB85090326}.Debug NASM.ActiveCfg = Debug|Win32
		{4E8566DB-CBAC-4B9A-81B5-09BB85090326}.Demo.ActiveCfg = Debug|Win32
		{4E8566DB-CBAC-4B9A-81B5-09BB85090326}.dll debug.ActiveCfg = Debug|Win32
		{4E8566DB-CBAC-4B9A-81B5-09BB85090326}.dll release.ActiveCfg = Debug|Win32
		{4E8566DB-CBAC-4B9A-81B5-09BB85090326}.dll release Nasm.ActiveCfg = Debug|Win32
		{4E8566DB-CBAC-4B9A-81B5-09BB85090326}.LAME debug.ActiveCfg = Release|Win32
		{4E8566DB-CBAC-4B9A-81B5-09BB85090326}.LAME release.ActiveCfg = Release|Win32
		{4E8566DB-CBAC-4B9A-81B5-09BB85090326}.LAME release Nasm.ActiveCfg = Release|Win32
		{4E8566DB-CBAC-4B9A-81B5-09BB85090326}.Mp3X debug.ActiveCfg = Release|Win32
		{4E8566DB-CBAC-4B9A-81B5-09BB85090326}.Release.ActiveCfg = Release|Win32
		{4E8566DB-CBAC-4B9A-81B5-09BB85090326}.Release GTK.ActiveCfg = Release|Win32
		{4E8566DB-CBAC-4B9A-81B5-09BB85090326}.Release NASM.ActiveCfg = Release|Win32
		{4E8566DB-CBAC-4B9A-81B5-09BB85090326}.Release_NoSTDIO.ActiveCfg = Release|Win32
		{1C9AA6BF-147B-4027-848A-B33038B49BFE}.ACM debug.ActiveCfg = Release|Win32
		{1C9AA6BF-147B-4027-848A-B33038B49BFE}.ACM release.ActiveCfg = Release|Win32
		{1C9AA6BF-147B-4027-848A-B33038B49BFE}.ACM release Nasm.ActiveCfg = Release|Win32
		{1C9AA6BF-147B-4027-848A-B33038B49BFE}.Debug.ActiveCfg = Debug|Win32
		{1C9AA6BF-147B-4027-848A-B33038B49BFE}.Debug GTK.ActiveCfg = Debug|Win32
		{1C9AA6BF-147B-4027-848A-B33038B49BFE}.Debug NASM.ActiveCfg = Debug|Win32
		{1C9AA6BF-147B-4027-848A-B33038B49BFE}.Demo.ActiveCfg = Debug|Win32
		{1C9AA6BF-147B-4027-848A-B33038B49BFE}.dll debug.ActiveCfg = Debug|Win32
		{1C9AA6BF-147B-4027-848A-B33038B49BFE}.dll release.ActiveCfg = Debug|Win32
		{1C9AA6BF-147B-4027-848A-B33038B49BFE}.dll release Nasm.ActiveCfg = Debug|Win32
		{1C9AA6BF-147B-4027-848A-B33038B49BFE}.LAME debug.ActiveCfg = Release|Win32
		{1C9AA6BF-147B-4027-848A-B33038B49BFE}.LAME release.ActiveCfg = Release|Win32
		{1C9AA6BF-147B-4027-848A-B33038B49BFE}.LAME release Nasm.ActiveCfg = Release|Win32
		{1C9AA6BF-147B-4027-848A-B33038B49BFE}.Mp3X debug.ActiveCfg = Release|Win32
		{1C9AA6BF-147B-4027-848A-B33038B49BFE}.Release.ActiveCfg = Release|Win32
		{1C9AA6BF-147B-4027-848A-B33038B49BFE}.Release GTK.ActiveCfg = Release|Win32
		{1C9AA6BF-147B-4027-848A-B33038B49BFE}.Release NASM.ActiveCfg = Release|Win32
		{1C9AA6BF-147B-4027-848A-B33038B49BFE}.Release_NoSTDIO.ActiveCfg = Release|Win32
		{D27227AC-13CC-4901-9F73-A184D7CB24AD}.ACM debug.ActiveCfg = Release|Win32
		{D27227AC-13CC-4901-9F73-A184D7CB24AD}.ACM release.ActiveCfg = Release|Win32
		{D27227AC-13CC-4901-9F73-A184D7CB24AD}.ACM release Nasm.ActiveCfg = Release|Win32
		{D27227AC-13CC-4901-9F73-A184D7CB24AD}.Debug.ActiveCfg = Debug|Win32
		{D27227AC-13CC-4901-9F73-A184D7CB24AD}.Debug GTK.ActiveCfg = Debug|Win32
		{D27227AC-13CC-4901-9F73-A184D7CB24AD}.Debug NASM.ActiveCfg = Debug|Win32
		{D27227AC-13CC-4901-9F73-A184D7CB24AD}.Demo.ActiveCfg = Debug|Win32
		{D27227AC-13CC-4901-9F73-A184D7CB24AD}.dll debug.ActiveCfg = Debug|Win32
		{D27227AC-13CC-4901-9F73-A184D7CB24AD}.dll release.ActiveCfg = Debug|Win32
		{D27227AC-13CC-4901-9F73-A184D7CB24AD}.dll release Nasm.ActiveCfg = Debug|Win32
		{D27227AC-13CC-4901-9F73-A184D7CB24AD}.LAME debug.ActiveCfg = Release|Win32
		{D27227AC-13CC-4901-9F73-A184D7CB24AD}.LAME release.ActiveCfg = Release|Win32
		{D27227AC-13CC-4901-9F73-A184D7CB24AD}.LAME release Nasm.ActiveCfg = Release|Win32
		{D27227AC-13CC-4901-9F73-A184D7CB24AD}.Mp3X debug.ActiveCfg = Release|Win32
		{D27227AC-13CC-4901-9F73-A184D7CB24AD}.Release.ActiveCfg = Release|Win32
		{D27227AC-13CC-4901-9F73-A184D7CB24AD}.Release GTK.ActiveCfg = Release|Win32
		{D27227AC-13CC-4901-9F73-A184D7CB24AD}.Release NASM.ActiveCfg = Release|Win32
		{D27227AC-13CC-4901-9F73-A184D7CB24AD}.Release_NoSTDIO.ActiveCfg = Release|Win32
		{9503F50D-E494-4D2A-9ED1-92CAE426B501}.ACM debug.ActiveCfg = Release|Win32
		{9503F50D-E494-4D2A-9ED1-92CAE426B501}.ACM release.ActiveCfg = Release|Win32
		{9503F50D-E494-4D2A-9ED1-92CAE426B501}.ACM release Nasm.ActiveCfg = Release|Win32
		{9503F50D-E494-4D2A-9ED1-92CAE426B501}.Debug.ActiveCfg = Debug|Win32
		{9503F50D-E494-4D2A-9ED1-92CAE426B501}.Debug GTK.ActiveCfg = Debug|Win32
		{9503F50D-E494-4D2A-9ED1-92CAE426B501}.Debug NASM.ActiveCfg = Debug|Win32
		{9503F50D-E494-4D2A-9ED1-92CAE426B501}.Demo.ActiveCfg = Debug|Win32
		{9503F50D-E494-4D2A-9ED1-92CAE426B501}.dll debug.ActiveCfg = Debug|Win32
		{9503F50D-E494-4D2A-9ED1-92CAE426B501}.dll release.ActiveCfg = Debug|Win32
		{9503F50D-E494-4D2A-9ED1-92CAE426B501}.dll release Nasm.ActiveCfg = Debug|Win32
		{9503F50D-E494-4D2A-9ED1-92CAE426B501}.LAME debug.ActiveCfg = Release|Win32
		{9503F50D-E494-4D2A-9ED1-92CAE426B501}.LAME release.ActiveCfg = Release|Win32
		{9503F50D-E494-4D2A-9ED1-92CAE426B501}.LAME release Nasm.ActiveCfg = Release|Win32
		{9503F50D-E494-4D2A-9ED1-92CAE426B501}.Mp3X debug.ActiveCfg = Release|Win32
		{9503F50D-E494-4D2A-9ED1-92CAE426B501}.Release.ActiveCfg = Release|Win32
		{9503F50D-E494-4D2A-9ED1-92CAE426B501}.Release GTK.ActiveCfg = Release|Win32
		{9503F50D-E494-4D2A-9ED1-92CAE426B501}.Release NASM.ActiveCfg = Release|Win32
		{9503F50D-E494-4D2A-9ED1-92CAE426B501}.Release_NoSTDIO.ActiveCfg = Release|Win32
		{0D0C733B-62AA-45B2-B250-BFDE1E6073AE}.ACM debug.ActiveCfg = Release|Win32
		{0D0C733B-62AA-45B2-B250-BFDE1E6073AE}.ACM release.ActiveCfg = Release|Win32
		{0D0C733B-62AA-45B2-B250-BFDE1E6073AE}.ACM release Nasm.ActiveCfg = Release|Win32
		{0D0C733B-62AA-45B2-B250-BFDE1E6073AE}.Debug.ActiveCfg = Debug|Win32
		{0D0C733B-62AA-45B2-B250-BFDE1E6073AE}.Debug GTK.ActiveCfg = Debug|Win32
		{0D0C733B-62AA-45B2-B250-BFDE1E6073AE}.Debug NASM.ActiveCfg = Debug|Win32
		{0D0C733B-62AA-45B2-B250-BFDE1E6073AE}.Demo.ActiveCfg = Debug|Win32
		{0D0C733B-62AA-45B2-B250-BFDE1E6073AE}.dll debug.ActiveCfg = Debug|Win32
		{0D0C733B-62AA-45B2-B250-BFDE1E6073AE}.dll release.ActiveCfg = Debug|Win32
		{0D0C733B-62AA-45B2-B250-BFDE1E6073AE}.dll release Nasm.ActiveCfg = Debug|Win32
		{0D0C733B-62AA-45B2-B250-BFDE1E6073AE}.LAME debug.ActiveCfg = Release|Win32
		{0D0C733B-62AA-45B2-B250-BFDE1E6073AE}.LAME release.ActiveCfg = Release|Win32
		{0D0C733B-62AA-45B2-B250-BFDE1E6073AE}.LAME release Nasm.ActiveCfg = Release|Win32
		{0D0C733B-62AA-45B2-B250-BFDE1E6073AE}.Mp3X debug.ActiveCfg = Release|Win32
		{0D0C733B-62AA-45B2-B250-BFDE1E6073AE}.Release.ActiveCfg = Release|Win32
		{0D0C733B-62AA-45B2-B250-BFDE1E6073AE}.Release GTK.ActiveCfg = Release|Win32
		{0D0C733B-62AA-45B2-B250-BFDE1E6073AE}.Release NASM.ActiveCfg = Release|Win32
		{0D0C733B-62AA-45B2-B250-BFDE1E6073AE}.Release_NoSTDIO.ActiveCfg = Release|Win32
		{0F54D797-C2FD-4C18-AC4E-7A6917997534}.ACM debug.ActiveCfg = Release|Win32
		{0F54D797-C2FD-4C18-AC4E-7A6917997534}.ACM release.ActiveCfg = Release|Win32
		{0F54D797-C2FD-4C18-AC4E-7A6917997534}.ACM release Nasm.ActiveCfg = Release|Win32
		{0F54D797-C2FD-4C18-AC4E-7A6917997534}.Debug.ActiveCfg = Debug|Win32
		{0F54D797-C2FD-4C18-AC4E-7A6917997534}.Debug GTK.ActiveCfg = Debug|Win32
		{0F54D797-C2FD-4C18-AC4E-7A6917997534}.Debug NASM.ActiveCfg = Debug|Win32
		{0F54D797-C2FD-4C18-AC4E-7A6917997534}.Demo.ActiveCfg = Debug|Win32
		{0F54D797-C2FD-4C18-AC4E-7A6917997534}.dll debug.ActiveCfg = Debug|Win32
		{0F54D797-C2FD-4C18-AC4E-7A6917997534}.dll release.ActiveCfg = Debug|Win32
		{0F54D797-C2FD-4C18-AC4E-7A6917997534}.dll release Nasm.ActiveCfg = Debug|Win32
		{0F54D797-C2FD-4C18-AC4E-7A6917997534}.LAME debug.ActiveCfg = Release|Win32
		{0F54D797-C2FD-4C18-AC4E-7A6917997534}.LAME release.ActiveCfg = Release|Win32
		{0F54D797-C2FD-4C18-AC4E-7A6917997534}.LAME release Nasm.ActiveCfg = Release|Win32
		{0F54D797-C2FD-4C18-AC4E-7A6917997534}.Mp3X debug.ActiveCfg = Release|Win32
		{0F54D797-C2FD-4C18-AC4E-7A6917997534}.Release.ActiveCfg = Release|Win32
		{0F54D797-C2FD-4C18-AC4E-7A6917997534}.Release GTK.ActiveCfg = Release|Win32
		{0F54D797-C2FD-4C18-AC4E-7A6917997534}.Release NASM.ActiveCfg = Release|Win32
		{0F54D797-C2FD-4C18-AC4E-7A6917997534}.Release_NoSTDIO.ActiveCfg = Release|Win32
		{FC3837F8-7648-4AF6-845A-49810F09E905}.ACM debug.ActiveCfg = Debug|Win32
		{FC3837F8-7648-4AF6-845A-49810F09E905}.ACM debug.Build.0 = Debug|Win32
		{FC3837F8-7648-4AF6-845A-49810F09E905}.ACM release.ActiveCfg = Debug|Win32
		{FC3837F8-7648-4AF6-845A-49810F09E905}.ACM release.Build.0 = Debug|Win32
		{FC3837F8-7648-4AF6-845A-49810F09E905}.ACM release Nasm.ActiveCfg = Debug|Win32
		{FC3837F8-7648-4AF6-845A-49810F09E905}.ACM release Nasm.Build.0 = Debug|Win32
		{FC3837F8-7648-4AF6-845A-49810F09E905}.Debug.ActiveCfg = Debug|Win32
		{FC3837F8-7648-4AF6-845A-49810F09E905}.Debug.Build.0 = Debug|Win32
		{FC3837F8-7648-4AF6-845A-49810F09E905}.Debug GTK.ActiveCfg = Debug|Win32
		{FC3837F8-7648-4AF6-845A-49810F09E905}.Debug GTK.Build.0 = Debug|Win32
		{FC3837F8-7648-4AF6-845A-49810F09E905}.Debug NASM.ActiveCfg = Debug|Win32
		{FC3837F8-7648-4AF6-845A-49810F09E905}.Debug NASM.Build.0 = Debug|Win32
		{FC3837F8-7648-4AF6-845A-49810F09E905}.Demo.ActiveCfg = Debug|Win32
		{FC3837F8-7648-4AF6-845A-49810F09E905}.Demo.Build.0 = Debug|Win32
		{FC3837F8-7648-4AF6-845A-49810F09E905}.dll debug.ActiveCfg = Debug|Win32
		{FC3837F8-7648-4AF6-845A-49810F09E905}.dll debug.Build.0 = Debug|Win32
		{FC3837F8-7648-4AF6-845A-49810F09E905}.dll release.ActiveCfg = Debug|Win32
		{FC3837F8-7648-4AF6-845A-49810F09E905}.dll release.Build.0 = Debug|Win32
		{FC3837F8-7648-4AF6-845A-49810F09E905}.dll release Nasm.ActiveCfg = Debug|Win32
		{FC3837F8-7648-4AF6-845A-49810F09E905}.dll release Nasm.Build.0 = Debug|Win32
		{FC3837F8-7648-4AF6-845A-49810F09E905}.LAME debug.ActiveCfg = Debug|Win32
		{FC3837F8-7648-4AF6-845A-49810F09E905}.LAME debug.Build.0 = Debug|Win32
		{FC3837F8-7648-4AF6-845A-49810F09E905}.LAME release.ActiveCfg = Debug|Win32
		{FC3837F8-7648-4AF6-845A-49810F09E905}.LAME release.Build.0 = Debug|Win32
		{FC3837F8-7648-4AF6-845A-49810F09E905}.LAME release Nasm.ActiveCfg = Debug|Win32
		{FC3837F8-7648-4AF6-845A-49810F09E905}.LAME release Nasm.Build.0 = Debug|Win32
		{FC3837F8-7648-4AF6-845A-49810F09E905}.Mp3X debug.ActiveCfg = Debug|Win32
		{FC3837F8-7648-4AF6-845A-49810F09E905}.Mp3X debug.Build.0 = Debug|Win32
		{FC3837F8-7648-4AF6-845A-49810F09E905}.Release.ActiveCfg = Release|Win32
		{FC3837F8-7648-4AF6-845A-49810F09E905}.Release.Build.0 = Release|Win32
		{FC3837F8-7648-4AF6-845A-49810F09E905}.Release GTK.ActiveCfg = Release|Win32
		{FC3837F8-7648-4AF6-845A-49810F09E905}.Release GTK.Build.0 = Release|Win32
		{FC3837F8-7648-4AF6-845A-49810F09E905}.Release NASM.ActiveCfg = Release|Win32
		{FC3837F8-7648-4AF6-845A-49810F09E905}.Release NASM.Build.0 = Release|Win32
		{FC3837F8-7648-4AF6-845A-49810F09E905}.Release_NoSTDIO.ActiveCfg = Release|Win32
		{FC3837F8-7648-4AF6-845A-49810F09E905}.Release_NoSTDIO.Build.0 = Release|Win32
		{FEEE4766-198B-4C4C-B973-D6A1D562ADDF}.ACM debug.ActiveCfg = Release_NoSTDIO|Win32
		{FEEE4766-198B-4C4C-B973-D6A1D562ADDF}.ACM debug.Build.0 = Release_NoSTDIO|Win32
		{FEEE4766-198B-4C4C-B973-D6A1D562ADDF}.ACM release.ActiveCfg = Release_NoSTDIO|Win32
		{FEEE4766-198B-4C4C-B973-D6A1D562ADDF}.ACM release.Build.0 = Release_NoSTDIO|Win32
		{FEEE4766-198B-4C4C-B973-D6A1D562ADDF}.ACM release Nasm.ActiveCfg = Release_NoSTDIO|Win32
		{FEEE4766-198B-4C4C-B973-D6A1D562ADDF}.ACM release Nasm.Build.0 = Release_NoSTDIO|Win32
		{FEEE4766-198B-4C4C-B973-D6A1D562ADDF}.Debug.ActiveCfg = Debug|Win32
		{FEEE4766-198B-4C4C-B973-D6A1D562ADDF}.Debug.Build.0 = Debug|Win32
		{FEEE4766-198B-4C4C-B973-D6A1D562ADDF}.Debug GTK.ActiveCfg = Debug|Win32
		{FEEE4766-198B-4C4C-B973-D6A1D562ADDF}.Debug GTK.Build.0 = Debug|Win32
		{FEEE4766-198B-4C4C-B973-D6A1D562ADDF}.Debug NASM.ActiveCfg = Debug|Win32
		{FEEE4766-198B-4C4C-B973-D6A1D562ADDF}.Debug NASM.Build.0 = Debug|Win32
		{FEEE4766-198B-4C4C-B973-D6A1D562ADDF}.Demo.ActiveCfg = Debug|Win32
		{FEEE4766-198B-4C4C-B973-D6A1D562ADDF}.Demo.Build.0 = Debug|Win32
		{FEEE4766-198B-4C4C-B973-D6A1D562ADDF}.dll debug.ActiveCfg = Debug|Win32
		{FEEE4766-198B-4C4C-B973-D6A1D562ADDF}.dll debug.Build.0 = Debug|Win32
		{FEEE4766-198B-4C4C-B973-D6A1D562ADDF}.dll release.ActiveCfg = Debug|Win32
		{FEEE4766-198B-4C4C-B973-D6A1D562ADDF}.dll release.Build.0 = Debug|Win32
		{FEEE4766-198B-4C4C-B973-D6A1D562ADDF}.dll release Nasm.ActiveCfg = Debug|Win32
		{FEEE4766-198B-4C4C-B973-D6A1D562ADDF}.dll release Nasm.Build.0 = Debug|Win32
		{FEEE4766-198B-4C4C-B973-D6A1D562ADDF}.LAME debug.ActiveCfg = Release_NoSTDIO|Win32
		{FEEE4766-198B-4C4C-B973-D6A1D562ADDF}.LAME debug.Build.0 = Release_NoSTDIO|Win32
		{FEEE4766-198B-4C4C-B973-D6A1D562ADDF}.LAME release.ActiveCfg = Release_NoSTDIO|Win32
		{FEEE4766-198B-4C4C-B973-D6A1D562ADDF}.LAME release.Build.0 = Release_NoSTDIO|Win32
		{FEEE4766-198B-4C4C-B973-D6A1D562ADDF}.LAME release Nasm.ActiveCfg = Release_NoSTDIO|Win32
		{FEEE4766-198B-4C4C-B973-D6A1D562ADDF}.LAME release Nasm.Build.0 = Release_NoSTDIO|Win32
		{FEEE4766-198B-4C4C-B973-D6A1D562ADDF}.Mp3X debug.ActiveCfg = Release_NoSTDIO|Win32
		{FEEE4766-198B-4C4C-B973-D6A1D562ADDF}.Mp3X debug.Build.0 = Release_NoSTDIO|Win32
		{FEEE4766-198B-4C4C-B973-D6A1D562ADDF}.Release.ActiveCfg = Release|Win32
		{FEEE4766-198B-4C4C-B973-D6A1D562ADDF}.Release.Build.0 = Release|Win32
		{FEEE4766-198B-4C4C-B973-D6A1D562ADDF}.Release GTK.ActiveCfg = Release|Win32
		{FEEE4766-198B-4C4C-B973-D6A1D562ADDF}.Release GTK.Build.0 = Release|Win32
		{FEEE4766-198B-4C4C-B973-D6A1D562ADDF}.Release NASM.ActiveCfg = Release|Win32
		{FEEE4766-198B-4C4C-B973-D6A1D562ADDF}.Release NASM.Build.0 = Release|Win32
		{FEEE4766-198B-4C4C-B973-D6A1D562ADDF}.Release_NoSTDIO.ActiveCfg = Release_NoSTDIO|Win32
		{FEEE4766-198B-4C4C-B973-D6A1D562ADDF}.Release_NoSTDIO.Build.0 = Release_NoSTDIO|Win32
		{DD09F861-A996-4F9C-87B3-8AE7FBBCF74E}.ACM debug.ActiveCfg = Release|Win32
		{DD09F861-A996-4F9C-87B3-8AE7FBBCF74E}.ACM debug.Build.0 = Release|Win32
		{DD09F861-A996-4F9C-87B3-8AE7FBBCF74E}.ACM release.ActiveCfg = Release|Win32
		{DD09F861-A996-4F9C-87B3-8AE7FBBCF74E}.ACM release.Build.0 = Release|Win32
		{DD09F861-A996-4F9C-87B3-8AE7FBBCF74E}.ACM release Nasm.ActiveCfg = Release|Win32
		{DD09F861-A996-4F9C-87B3-8AE7FBBCF74E}.ACM release Nasm.Build.0 = Release|Win32
		{DD09F861-A996-4F9C-87B3-8AE7FBBCF74E}.Debug.ActiveCfg = Debug|Win32
		{DD09F861-A996-4F9C-87B3-8AE7FBBCF74E}.Debug.Build.0 = Debug|Win32
		{DD09F861-A996-4F9C-87B3-8AE7FBBCF74E}.Debug GTK.ActiveCfg = Debug|Win32
		{DD09F861-A996-4F9C-87B3-8AE7FBBCF74E}.Debug GTK.Build.0 = Debug|Win32
		{DD09F861-A996-4F9C-87B3-8AE7FBBCF74E}.Debug NASM.ActiveCfg = Debug|Win32
		{DD09F861-A996-4F9C-87B3-8AE7FBBCF74E}.Debug NASM.Build.0 = Debug|Win32
		{DD09F861-A996-4F9C-87B3-8AE7FBBCF74E}.Demo.ActiveCfg = Debug|Win32
		{DD09F861-A996-4F9C-87B3-8AE7FBBCF74E}.Demo.Build.0 = Debug|Win32
		{DD09F861-A996-4F9C-87B3-8AE7FBBCF74E}.dll debug.ActiveCfg = Debug|Win32
		{DD09F861-A996-4F9C-87B3-8AE7FBBCF74E}.dll debug.Build.0 = Debug|Win32
		{DD09F861-A996-4F9C-87B3-8AE7FBBCF74E}.dll release.ActiveCfg = Debug|Win32
		{DD09F861-A996-4F9C-87B3-8AE7FBBCF74E}.dll release.Build.0 = Debug|Win32
		{DD09F861-A996-4F9C-87B3-8AE7FBBCF74E}.dll release Nasm.ActiveCfg = Debug|Win32
		{DD09F861-A996-4F9C-87B3-8AE7FBBCF74E}.dll release Nasm.Build.0 = Debug|Win32
		{DD09F861-A996-4F9C-87B3-8AE7FBBCF74E}.LAME debug.ActiveCfg = Release|Win32
		{DD09F861-A996-4F9C-87B3-8AE7FBBCF74E}.LAME debug.Build.0 = Release|Win32
		{DD09F861-A996-4F9C-87B3-8AE7FBBCF74E}.LAME release.ActiveCfg = Release|Win32
		{DD09F861-A996-4F9C-87B3-8AE7FBBCF74E}.LAME release.Build.0 = Release|Win32
		{DD09F861-A996-4F9C-87B3-8AE7FBBCF74E}.LAME release Nasm.ActiveCfg = Release|Win32
		{DD09F861-A996-4F9C-87B3-8AE7FBBCF74E}.LAME release Nasm.Build.0 = Release|Win32
		{DD09F861-A996-4F9C-87B3-8AE7FBBCF74E}.Mp3X debug.ActiveCfg = Release|Win32
		{DD09F861-A996-4F9C-87B3-8AE7FBBCF74E}.Mp3X debug.Build.0 = Release|Win32
		{DD09F861-A996-4F9C-87B3-8AE7FBBCF74E}.Release.ActiveCfg = Release|Win32
		{DD09F861-A996-4F9C-87B3-8AE7FBBCF74E}.Release.Build.0 = Release|Win32
		{DD09F861-A996-4F9C-87B3-8AE7FBBCF74E}.Release GTK.ActiveCfg = Release|Win32
		{DD09F861-A996-4F9C-87B3-8AE7FBBCF74E}.Release GTK.Build.0 = Release|Win32
		{DD09F861-A996-4F9C-87B3-8AE7FBBCF74E}.Release NASM.ActiveCfg = Release|Win32
		{DD09F861-A996-4F9C-87B3-8AE7FBBCF74E}.Release NASM.Build.0 = Release|Win32
		{DD09F861-A996-4F9C-87B3-8AE7FBBCF74E}.Release_NoSTDIO.ActiveCfg = Release|Win32
		{DD09F861-A996-4F9C-87B3-8AE7FBBCF74E}.Release_NoSTDIO.Build.0 = Release|Win32
		{0FF59DD8-9902-4DE8-898D-F2F08322CCD0}.ACM debug.ActiveCfg = Release|Win32
		{0FF59DD8-9902-4DE8-898D-F2F08322CCD0}.ACM debug.Build.0 = Release|Win32
		{0FF59DD8-9902-4DE8-898D-F2F08322CCD0}.ACM release.ActiveCfg = Release|Win32
		{0FF59DD8-9902-4DE8-898D-F2F08322CCD0}.ACM release.Build.0 = Release|Win32
		{0FF59DD8-9902-4DE8-898D-F2F08322CCD0}.ACM release Nasm.ActiveCfg = Release|Win32
		{0FF59DD8-9902-4DE8-898D-F2F08322CCD0}.ACM release Nasm.Build.0 = Release|Win32
		{0FF59DD8-9902-4DE8-898D-F2F08322CCD0}.Debug.ActiveCfg = Debug|Win32
		{0FF59DD8-9902-4DE8-898D-F2F08322CCD0}.Debug.Build.0 = Debug|Win32
		{0FF59DD8-9902-4DE8-898D-F2F08322CCD0}.Debug GTK.ActiveCfg = Debug|Win32
		{0FF59DD8-9902-4DE8-898D-F2F08322CCD0}.Debug GTK.Build.0 = Debug|Win32
		{0FF59DD8-9902-4DE8-898D-F2F08322CCD0}.Debug NASM.ActiveCfg = Debug|Win32
		{0FF59DD8-9902-4DE8-898D-F2F08322CCD0}.Debug NASM.Build.0 = Debug|Win32
		{0FF59DD8-9902-4DE8-898D-F2F08322CCD0}.Demo.ActiveCfg = Debug|Win32
		{0FF59DD8-9902-4DE8-898D-F2F08322CCD0}.Demo.Build.0 = Debug|Win32
		{0FF59DD8-9902-4DE8-898D-F2F08322CCD0}.dll debug.ActiveCfg = Debug|Win32
		{0FF59DD8-9902-4DE8-898D-F2F08322CCD0}.dll debug.Build.0 = Debug|Win32
		{0FF59DD8-9902-4DE8-898D-F2F08322CCD0}.dll release.ActiveCfg = Debug|Win32
		{0FF59DD8-9902-4DE8-898D-F2F08322CCD0}.dll release.Build.0 = Debug|Win32
		{0FF59DD8-9902-4DE8-898D-F2F08322CCD0}.dll release Nasm.ActiveCfg = Debug|Win32
		{0FF59DD8-9902-4DE8-898D-F2F08322CCD0}.dll release Nasm.Build.0 = Debug|Win32
		{0FF59DD8-9902-4DE8-898D-F2F08322CCD0}.LAME debug.ActiveCfg = Release|Win32
		{0FF59DD8-9902-4DE8-898D-F2F08322CCD0}.LAME debug.Build.0 = Release|Win32
		{0FF59DD8-9902-4DE8-898D-F2F08322CCD0}.LAME release.ActiveCfg = Release|Win32
		{0FF59DD8-9902-4DE8-898D-F2F08322CCD0}.LAME release.Build.0 = Release|Win32
		{0FF59DD8-9902-4DE8-898D-F2F08322CCD0}.LAME release Nasm.ActiveCfg = Release|Win32
		{0FF59DD8-9902-4DE8-898D-F2F08322CCD0}.LAME release Nasm.Build.0 = Release|Win32
		{0FF59DD8-9902-4DE8-898D-F2F08322CCD0}.Mp3X debug.ActiveCfg = Release|Win32
		{0FF59DD8-9902-4DE8-898D-F2F08322CCD0}.Mp3X debug.Build.0 = Release|Win32
		{0FF59DD8-9902-4DE8-898D-F2F08322CCD0}.Release.ActiveCfg = Release|Win32
		{0FF59DD8-9902-4DE8-898D-F2F08322CCD0}.Release.Build.0 = Release|Win32
		{0FF59DD8-9902-4DE8-898D-F2F08322CCD0}.Release GTK.ActiveCfg = Release|Win32
		{0FF59DD8-9902-4DE8-898D-F2F08322CCD0}.Release GTK.Build.0 = Release|Win32
		{0FF59DD8-9902-4DE8-898D-F2F08322CCD0}.Release NASM.ActiveCfg = Release|Win32
		{0FF59DD8-9902-4DE8-898D-F2F08322CCD0}.Release NASM.Build.0 = Release|Win32
		{0FF59DD8-9902-4DE8-898D-F2F08322CCD0}.Release_NoSTDIO.ActiveCfg = Release|Win32
		{0FF59DD8-9902-4DE8-898D-F2F08322CCD0}.Release_NoSTDIO.Build.0 = Release|Win32
		{CE17E0B1-3327-4BCE-93E4-D7B74F5A1A7A}.ACM debug.ActiveCfg = Release|Win32
		{CE17E0B1-3327-4BCE-93E4-D7B74F5A1A7A}.ACM debug.Build.0 = Release|Win32
		{CE17E0B1-3327-4BCE-93E4-D7B74F5A1A7A}.ACM release.ActiveCfg = Release|Win32
		{CE17E0B1-3327-4BCE-93E4-D7B74F5A1A7A}.ACM release.Build.0 = Release|Win32
		{CE17E0B1-3327-4BCE-93E4-D7B74F5A1A7A}.ACM release Nasm.ActiveCfg = Release|Win32
		{CE17E0B1-3327-4BCE-93E4-D7B74F5A1A7A}.ACM release Nasm.Build.0 = Release|Win32
		{CE17E0B1-3327-4BCE-93E4-D7B74F5A1A7A}.Debug.ActiveCfg = Debug|Win32
		{CE17E0B1-3327-4BCE-93E4-D7B74F5A1A7A}.Debug.Build.0 = Debug|Win32
		{CE17E0B1-3327-4BCE-93E4-D7B74F5A1A7A}.Debug GTK.ActiveCfg = Debug|Win32
		{CE17E0B1-3327-4BCE-93E4-D7B74F5A1A7A}.Debug GTK.Build.0 = Debug|Win32
		{CE17E0B1-3327-4BCE-93E4-D7B74F5A1A7A}.Debug NASM.ActiveCfg = Debug|Win32
		{CE17E0B1-3327-4BCE-93E4-D7B74F5A1A7A}.Debug NASM.Build.0 = Debug|Win32
		{CE17E0B1-3327-4BCE-93E4-D7B74F5A1A7A}.Demo.ActiveCfg = Debug|Win32
		{CE17E0B1-3327-4BCE-93E4-D7B74F5A1A7A}.Demo.Build.0 = Debug|Win32
		{CE17E0B1-3327-4BCE-93E4-D7B74F5A1A7A}.dll debug.ActiveCfg = Debug|Win32
		{CE17E0B1-3327-4BCE-93E4-D7B74F5A1A7A}.dll debug.Build.0 = Debug|Win32
		{CE17E0B1-3327-4BCE-93E4-D7B74F5A1A7A}.dll release.ActiveCfg = Debug|Win32
		{CE17E0B1-3327-4BCE-93E4-D7B74F5A1A7A}.dll release.Build.0 = Debug|Win32
		{CE17E0B1-3327-4BCE-93E4-D7B74F5A1A7A}.dll release Nasm.ActiveCfg = Debug|Win32
		{CE17E0B1-3327-4BCE-93E4-D7B74F5A1A7A}.dll release Nasm.Build.0 = Debug|Win32
		{CE17E0B1-3327-4BCE-93E4-D7B74F5A1A7A}.LAME debug.ActiveCfg = Release|Win32
		{CE17E0B1-3327-4BCE-93E4-D7B74F5A1A7A}.LAME debug.Build.0 = Release|Win32
		{CE17E0B1-3327-4BCE-93E4-D7B74F5A1A7A}.LAME release.ActiveCfg = Release|Win32
		{CE17E0B1-3327-4BCE-93E4-D7B74F5A1A7A}.LAME release.Build.0 = Release|Win32
		{CE17E0B1-3327-4BCE-93E4-D7B74F5A1A7A}.LAME release Nasm.ActiveCfg = Release|Win32
		{CE17E0B1-3327-4BCE-93E4-D7B74F5A1A7A}.LAME release Nasm.Build.0 = Release|Win32
		{CE17E0B1-3327-4BCE-93E4-D7B74F5A1A7A}.Mp3X debug.ActiveCfg = Release|Win32
		{CE17E0B1-3327-4BCE-93E4-D7B74F5A1A7A}.Mp3X debug.Build.0 = Release|Win32
		{CE17E0B1-3327-4BCE-93E4-D7B74F5A1A7A}.Release.ActiveCfg = Release|Win32
		{CE17E0B1-3327-4BCE-93E4-D7B74F5A1A7A}.Release.Build.0 = Release|Win32
		{CE17E0B1-3327-4BCE-93E4-D7B74F5A1A7A}.Release GTK.ActiveCfg = Release|Win32
		{CE17E0B1-3327-4BCE-93E4-D7B74F5A1A7A}.Release GTK.Build.0 = Release|Win32
		{CE17E0B1-3327-4BCE-93E4-D7B74F5A1A7A}.Release NASM.ActiveCfg = Release|Win32
		{CE17E0B1-3327-4BCE-93E4-D7B74F5A1A7A}.Release NASM.Build.0 = Release|Win32
		{CE17E0B1-3327-4BCE-93E4-D7B74F5A1A7A}.Release_NoSTDIO.ActiveCfg = Release|Win32
		{CE17E0B1-3327-4BCE-93E4-D7B74F5A1A7A}.Release_NoSTDIO.Build.0 = Release|Win32
	EndGlobalSection
	GlobalSection(ExtensibilityGlobals) = postSolution
	EndGlobalSection
	GlobalSection(ExtensibilityAddIns) = postSolution
	EndGlobalSection
EndGlobal
