Microsoft Visual Studio Solution File, Format Version 8.00
Project("{8BC9CEB8-8B4A-11D0-8D11-00A0C91BC942}") = "SDL", "..\..\SDL-1.2.10\VisualC\SDL\SDL.vcproj", "{5EB6DB68-21A9-4A96-B5B9-F74C32251673}"
	ProjectSection(ProjectDependencies) = postProject
	EndProjectSection
EndProject
Project("{8BC9CEB8-8B4A-11D0-8D11-00A0C91BC942}") = "SDLmain", "..\..\SDL-1.2.10\VisualC\SDLmain\SDLmain.vcproj", "{84BE0110-DC80-4E31-9E81-3B070E5A75D1}"
	ProjectSection(ProjectDependencies) = postProject
	EndProjectSection
EndProject
Project("{8BC9CEB8-8B4A-11D0-8D11-00A0C91BC942}") = "mikmod", "..\..\SDL_mixer-1.2.7\VisualC\mikmod\mikmod.vcproj", "{50387B26-21D7-40D8-AFCF-CD146CB9F000}"
	ProjectSection(ProjectDependencies) = postProject
	EndProjectSection
EndProject
Project("{8BC9CEB8-8B4A-11D0-8D11-00A0C91BC942}") = "native_midi", "..\..\SDL_mixer-1.2.7\VisualC\native_midi\native_midi.vcproj", "{F7D104E8-CDA0-4D78-B2B1-6F14631B2953}"
	ProjectSection(ProjectDependencies) = postProject
	EndProjectSection
EndProject
Project("{8BC9CEB8-8B4A-11D0-8D11-00A0C91BC942}") = "timidity", "..\..\SDL_mixer-1.2.7\VisualC\timidity\timidity.vcproj", "{08CD8022-B9E7-475E-9086-8983235E7BF3}"
	ProjectSection(ProjectDependencies) = postProject
	EndProjectSection
EndProject
Project("{8BC9CEB8-8B4A-11D0-8D11-00A0C91BC942}") = "SDL_mixer", "..\..\SDL_mixer-1.2.7\VisualC\SDL_mixer.vcproj", "{4E8566DB-CBAC-4B9A-81B5-09BB85090326}"
	ProjectSection(ProjectDependencies) = postProject
		{84BE0110-DC80-4E31-9E81-3B070E5A75D1} = {84BE0110-DC80-4E31-9E81-3B070E5A75D1}
		{08CD8022-B9E7-475E-9086-8983235E7BF3} = {08CD8022-B9E7-475E-9086-8983235E7BF3}
		{50387B26-21D7-40D8-AFCF-CD146CB9F000} = {50387B26-21D7-40D8-AFCF-CD146CB9F000}
		{5EB6DB68-21A9-4A96-B5B9-F74C32251673} = {5EB6DB68-21A9-4A96-B5B9-F74C32251673}
		{F7D104E8-CDA0-4D78-B2B1-6F14631B2953} = {F7D104E8-CDA0-4D78-B2B1-6F14631B2953}
	EndProjectSection
EndProject
Project("{8BC9CEB8-8B4A-11D0-8D11-00A0C91BC942}") = "DLE-XP", "..\..\dle-xp\dlc.vcproj", "{5DECA979-AAE9-4DF0-B8BE-BC525D00641F}"
	ProjectSection(ProjectDependencies) = postProject
	EndProjectSection
EndProject
Project("{8BC9CEB8-8B4A-11D0-8D11-00A0C91BC942}") = "d2x-xl", "VisualC\d2xgl\d2xgl.vcproj", "{1C9AA6BF-147B-4027-848A-B33038B49BFE}"
	ProjectSection(ProjectDependencies) = postProject
		{84BE0110-DC80-4E31-9E81-3B070E5A75D1} = {84BE0110-DC80-4E31-9E81-3B070E5A75D1}
		{08CD8022-B9E7-475E-9086-8983235E7BF3} = {08CD8022-B9E7-475E-9086-8983235E7BF3}
		{50387B26-21D7-40D8-AFCF-CD146CB9F000} = {50387B26-21D7-40D8-AFCF-CD146CB9F000}
		{5EB6DB68-21A9-4A96-B5B9-F74C32251673} = {5EB6DB68-21A9-4A96-B5B9-F74C32251673}
		{D27227AC-13CC-4901-9F73-A184D7CB24AD} = {D27227AC-13CC-4901-9F73-A184D7CB24AD}
		{4E8566DB-CBAC-4B9A-81B5-09BB85090326} = {4E8566DB-CBAC-4B9A-81B5-09BB85090326}
		{F7D104E8-CDA0-4D78-B2B1-6F14631B2953} = {F7D104E8-CDA0-4D78-B2B1-6F14631B2953}
	EndProjectSection
EndProject
Project("{8BC9CEB8-8B4A-11D0-8D11-00A0C91BC942}") = "libmve", "VisualC\libmve\libmve.vcproj", "{D27227AC-13CC-4901-9F73-A184D7CB24AD}"
	ProjectSection(ProjectDependencies) = postProject
	EndProjectSection
EndProject
Global
	GlobalSection(SolutionConfiguration) = preSolution
		Debug = Debug
		Demo = Demo
		Release = Release
		Release_NoSTDIO = Release_NoSTDIO
	EndGlobalSection
	GlobalSection(ProjectConfiguration) = postSolution
		{5EB6DB68-21A9-4A96-B5B9-F74C32251673}.Debug.ActiveCfg = Debug|Win32
		{5EB6DB68-21A9-4A96-B5B9-F74C32251673}.Debug.Build.0 = Debug|Win32
		{5EB6DB68-21A9-4A96-B5B9-F74C32251673}.Demo.ActiveCfg = Debug|Win32
		{5EB6DB68-21A9-4A96-B5B9-F74C32251673}.Demo.Build.0 = Debug|Win32
		{5EB6DB68-21A9-4A96-B5B9-F74C32251673}.Release.ActiveCfg = Release|Win32
		{5EB6DB68-21A9-4A96-B5B9-F74C32251673}.Release.Build.0 = Release|Win32
		{5EB6DB68-21A9-4A96-B5B9-F74C32251673}.Release_NoSTDIO.ActiveCfg = Release|Win32
		{5EB6DB68-21A9-4A96-B5B9-F74C32251673}.Release_NoSTDIO.Build.0 = Release|Win32
		{84BE0110-DC80-4E31-9E81-3B070E5A75D1}.Debug.ActiveCfg = Debug|Win32
		{84BE0110-DC80-4E31-9E81-3B070E5A75D1}.Debug.Build.0 = Debug|Win32
		{84BE0110-DC80-4E31-9E81-3B070E5A75D1}.Demo.ActiveCfg = Debug|Win32
		{84BE0110-DC80-4E31-9E81-3B070E5A75D1}.Demo.Build.0 = Debug|Win32
		{84BE0110-DC80-4E31-9E81-3B070E5A75D1}.Release.ActiveCfg = Release|Win32
		{84BE0110-DC80-4E31-9E81-3B070E5A75D1}.Release.Build.0 = Release|Win32
		{84BE0110-DC80-4E31-9E81-3B070E5A75D1}.Release_NoSTDIO.ActiveCfg = Release_NoSTDIO|Win32
		{84BE0110-DC80-4E31-9E81-3B070E5A75D1}.Release_NoSTDIO.Build.0 = Release_NoSTDIO|Win32
		{50387B26-21D7-40D8-AFCF-CD146CB9F000}.Debug.ActiveCfg = Debug|Win32
		{50387B26-21D7-40D8-AFCF-CD146CB9F000}.Debug.Build.0 = Debug|Win32
		{50387B26-21D7-40D8-AFCF-CD146CB9F000}.Demo.ActiveCfg = Debug|Win32
		{50387B26-21D7-40D8-AFCF-CD146CB9F000}.Demo.Build.0 = Debug|Win32
		{50387B26-21D7-40D8-AFCF-CD146CB9F000}.Release.ActiveCfg = Release|Win32
		{50387B26-21D7-40D8-AFCF-CD146CB9F000}.Release.Build.0 = Release|Win32
		{50387B26-21D7-40D8-AFCF-CD146CB9F000}.Release_NoSTDIO.ActiveCfg = Release|Win32
		{50387B26-21D7-40D8-AFCF-CD146CB9F000}.Release_NoSTDIO.Build.0 = Release|Win32
		{F7D104E8-CDA0-4D78-B2B1-6F14631B2953}.Debug.ActiveCfg = Debug|Win32
		{F7D104E8-CDA0-4D78-B2B1-6F14631B2953}.Debug.Build.0 = Debug|Win32
		{F7D104E8-CDA0-4D78-B2B1-6F14631B2953}.Demo.ActiveCfg = Debug|Win32
		{F7D104E8-CDA0-4D78-B2B1-6F14631B2953}.Demo.Build.0 = Debug|Win32
		{F7D104E8-CDA0-4D78-B2B1-6F14631B2953}.Release.ActiveCfg = Release|Win32
		{F7D104E8-CDA0-4D78-B2B1-6F14631B2953}.Release.Build.0 = Release|Win32
		{F7D104E8-CDA0-4D78-B2B1-6F14631B2953}.Release_NoSTDIO.ActiveCfg = Release|Win32
		{F7D104E8-CDA0-4D78-B2B1-6F14631B2953}.Release_NoSTDIO.Build.0 = Release|Win32
		{08CD8022-B9E7-475E-9086-8983235E7BF3}.Debug.ActiveCfg = Debug|Win32
		{08CD8022-B9E7-475E-9086-8983235E7BF3}.Debug.Build.0 = Debug|Win32
		{08CD8022-B9E7-475E-9086-8983235E7BF3}.Demo.ActiveCfg = Debug|Win32
		{08CD8022-B9E7-475E-9086-8983235E7BF3}.Demo.Build.0 = Debug|Win32
		{08CD8022-B9E7-475E-9086-8983235E7BF3}.Release.ActiveCfg = Release|Win32
		{08CD8022-B9E7-475E-9086-8983235E7BF3}.Release.Build.0 = Release|Win32
		{08CD8022-B9E7-475E-9086-8983235E7BF3}.Release_NoSTDIO.ActiveCfg = Release|Win32
		{08CD8022-B9E7-475E-9086-8983235E7BF3}.Release_NoSTDIO.Build.0 = Release|Win32
		{4E8566DB-CBAC-4B9A-81B5-09BB85090326}.Debug.ActiveCfg = Debug|Win32
		{4E8566DB-CBAC-4B9A-81B5-09BB85090326}.Debug.Build.0 = Debug|Win32
		{4E8566DB-CBAC-4B9A-81B5-09BB85090326}.Demo.ActiveCfg = Debug|Win32
		{4E8566DB-CBAC-4B9A-81B5-09BB85090326}.Demo.Build.0 = Debug|Win32
		{4E8566DB-CBAC-4B9A-81B5-09BB85090326}.Release.ActiveCfg = Release|Win32
		{4E8566DB-CBAC-4B9A-81B5-09BB85090326}.Release.Build.0 = Release|Win32
		{4E8566DB-CBAC-4B9A-81B5-09BB85090326}.Release_NoSTDIO.ActiveCfg = Release|Win32
		{4E8566DB-CBAC-4B9A-81B5-09BB85090326}.Release_NoSTDIO.Build.0 = Release|Win32
		{5DECA979-AAE9-4DF0-B8BE-BC525D00641F}.Debug.ActiveCfg = Debug|Win32
		{5DECA979-AAE9-4DF0-B8BE-BC525D00641F}.Debug.Build.0 = Debug|Win32
		{5DECA979-AAE9-4DF0-B8BE-BC525D00641F}.Demo.ActiveCfg = Demo|Win32
		{5DECA979-AAE9-4DF0-B8BE-BC525D00641F}.Demo.Build.0 = Demo|Win32
		{5DECA979-AAE9-4DF0-B8BE-BC525D00641F}.Release.ActiveCfg = Release|Win32
		{5DECA979-AAE9-4DF0-B8BE-BC525D00641F}.Release.Build.0 = Release|Win32
		{5DECA979-AAE9-4DF0-B8BE-BC525D00641F}.Release_NoSTDIO.ActiveCfg = Release|Win32
		{5DECA979-AAE9-4DF0-B8BE-BC525D00641F}.Release_NoSTDIO.Build.0 = Release|Win32
		{1C9AA6BF-147B-4027-848A-B33038B49BFE}.Debug.ActiveCfg = Debug|Win32
		{1C9AA6BF-147B-4027-848A-B33038B49BFE}.Debug.Build.0 = Debug|Win32
		{1C9AA6BF-147B-4027-848A-B33038B49BFE}.Demo.ActiveCfg = Debug|Win32
		{1C9AA6BF-147B-4027-848A-B33038B49BFE}.Demo.Build.0 = Debug|Win32
		{1C9AA6BF-147B-4027-848A-B33038B49BFE}.Release.ActiveCfg = Release|Win32
		{1C9AA6BF-147B-4027-848A-B33038B49BFE}.Release.Build.0 = Release|Win32
		{1C9AA6BF-147B-4027-848A-B33038B49BFE}.Release_NoSTDIO.ActiveCfg = Release|Win32
		{1C9AA6BF-147B-4027-848A-B33038B49BFE}.Release_NoSTDIO.Build.0 = Release|Win32
		{D27227AC-13CC-4901-9F73-A184D7CB24AD}.Debug.ActiveCfg = Debug|Win32
		{D27227AC-13CC-4901-9F73-A184D7CB24AD}.Debug.Build.0 = Debug|Win32
		{D27227AC-13CC-4901-9F73-A184D7CB24AD}.Demo.ActiveCfg = Debug|Win32
		{D27227AC-13CC-4901-9F73-A184D7CB24AD}.Demo.Build.0 = Debug|Win32
		{D27227AC-13CC-4901-9F73-A184D7CB24AD}.Release.ActiveCfg = Release|Win32
		{D27227AC-13CC-4901-9F73-A184D7CB24AD}.Release.Build.0 = Release|Win32
		{D27227AC-13CC-4901-9F73-A184D7CB24AD}.Release_NoSTDIO.ActiveCfg = Release|Win32
		{D27227AC-13CC-4901-9F73-A184D7CB24AD}.Release_NoSTDIO.Build.0 = Release|Win32
	EndGlobalSection
	GlobalSection(ExtensibilityGlobals) = postSolution
	EndGlobalSection
	GlobalSection(ExtensibilityAddIns) = postSolution
	EndGlobalSection
EndGlobal
