
Microsoft Visual Studio Solution File, Format Version 9.00
# Visual Studio 2005
Project("{54435603-DBB4-11D2-8724-00A0C9A8B90C}") = "D2X-XL Data Setup", "D2X-XL Data Setup.vdproj", "{226F0AA9-FBF4-4794-8643-294E26749066}"
EndProject
Global
	GlobalSection(SolutionConfigurationPlatforms) = preSolution
		Debug|Default = Debug|Default
		Release 32 bit|Default = Release 32 bit|Default
		Release|Default = Release|Default
	EndGlobalSection
	GlobalSection(ProjectConfigurationPlatforms) = postSolution
		{226F0AA9-FBF4-4794-8643-294E26749066}.Debug|Default.ActiveCfg = Debug
		{226F0AA9-FBF4-4794-8643-294E26749066}.Debug|Default.Build.0 = Debug
		{226F0AA9-FBF4-4794-8643-294E26749066}.Release 32 bit|Default.ActiveCfg = Release 32 bit
		{226F0AA9-FBF4-4794-8643-294E26749066}.Release 32 bit|Default.Build.0 = Release 32 bit
		{226F0AA9-FBF4-4794-8643-294E26749066}.Release|Default.ActiveCfg = Release
		{226F0AA9-FBF4-4794-8643-294E26749066}.Release|Default.Build.0 = Release 32 bit
		{EEB2ECBE-F06F-46B9-B069-792D5BD475D6}.Debug|Default.ActiveCfg = Debug
		{EEB2ECBE-F06F-46B9-B069-792D5BD475D6}.Debug|Default.Build.0 = Debug
		{EEB2ECBE-F06F-46B9-B069-792D5BD475D6}.Release 32 bit|Default.ActiveCfg = Release 32 bit
		{EEB2ECBE-F06F-46B9-B069-792D5BD475D6}.Release 32 bit|Default.Build.0 = Release 32 bit
		{EEB2ECBE-F06F-46B9-B069-792D5BD475D6}.Release|Default.ActiveCfg = Release 32 bit
		{EEB2ECBE-F06F-46B9-B069-792D5BD475D6}.Release|Default.Build.0 = Release 32 bit
	EndGlobalSection
	GlobalSection(SolutionProperties) = preSolution
		HideSolutionNode = FALSE
	EndGlobalSection
EndGlobal
