Microsoft Visual Studio Solution File, Format Version 8.00
Project("{8BC9CEB8-8B4A-11D0-8D11-00A0C91BC942}") = "d2x-xl", "d2x-xl-vc7.vcproj", "{1C9AA6BF-147B-4027-848A-B33038B49BFE}"
	ProjectSection(ProjectDependencies) = postProject
		{07CC6507-C2F1-4855-83FB-E68F148DA16F} = {07CC6507-C2F1-4855-83FB-E68F148DA16F}
		{9503F50D-E494-4D2A-9ED1-92CAE426B501} = {9503F50D-E494-4D2A-9ED1-92CAE426B501}
		{7B4A121A-8375-4E9A-9138-DFA458E1AB97} = {7B4A121A-8375-4E9A-9138-DFA458E1AB97}
		{0D0C733B-62AA-45B2-B250-BFDE1E6073AE} = {0D0C733B-62AA-45B2-B250-BFDE1E6073AE}
		{2BD5534E-00E2-4BEA-AC96-D9A92EA24696} = {2BD5534E-00E2-4BEA-AC96-D9A92EA24696}
		{DD09F861-A996-4F9C-87B3-8AE7FBBCF74E} = {DD09F861-A996-4F9C-87B3-8AE7FBBCF74E}
		{CC8D236E-AF28-441D-9BE0-3B165F790796} = {CC8D236E-AF28-441D-9BE0-3B165F790796}
		{536BCE91-9AA3-447D-9A5F-1A0FF6FCE533} = {536BCE91-9AA3-447D-9A5F-1A0FF6FCE533}
		{0F54D797-C2FD-4C18-AC4E-7A6917997534} = {0F54D797-C2FD-4C18-AC4E-7A6917997534}
		{D27227AC-13CC-4901-9F73-A184D7CB24AD} = {D27227AC-13CC-4901-9F73-A184D7CB24AD}
		{763BB4E3-C9A0-469F-98B4-8604A8484560} = {763BB4E3-C9A0-469F-98B4-8604A8484560}
		{59A1CFE7-1A93-41C9-BEFB-4A33FE2D997C} = {59A1CFE7-1A93-41C9-BEFB-4A33FE2D997C}
	EndProjectSection
EndProject
Project("{8BC9CEB8-8B4A-11D0-8D11-00A0C91BC942}") = "SDL", "..\..\..\SDL-1.2.13\VisualC\SDL\SDL-vc7.vcproj", "{59A1CFE7-1A93-41C9-BEFB-4A33FE2D997C}"
	ProjectSection(ProjectDependencies) = postProject
		{7B4A121A-8375-4E9A-9138-DFA458E1AB97} = {7B4A121A-8375-4E9A-9138-DFA458E1AB97}
	EndProjectSection
EndProject
Project("{8BC9CEB8-8B4A-11D0-8D11-00A0C91BC942}") = "SDLmain", "..\..\..\SDL-1.2.13\VisualC\SDLmain\SDLmain-vc7.vcproj", "{7B4A121A-8375-4E9A-9138-DFA458E1AB97}"
	ProjectSection(ProjectDependencies) = postProject
	EndProjectSection
EndProject
Project("{8BC9CEB8-8B4A-11D0-8D11-00A0C91BC942}") = "SDL_mixer", "..\..\..\SDL_mixer-1.2.8\VisualC\SDL_mixer-vc7.vcproj", "{CC8D236E-AF28-441D-9BE0-3B165F790796}"
	ProjectSection(ProjectDependencies) = postProject
		{07CC6507-C2F1-4855-83FB-E68F148DA16F} = {07CC6507-C2F1-4855-83FB-E68F148DA16F}
		{9503F50D-E494-4D2A-9ED1-92CAE426B501} = {9503F50D-E494-4D2A-9ED1-92CAE426B501}
		{7B4A121A-8375-4E9A-9138-DFA458E1AB97} = {7B4A121A-8375-4E9A-9138-DFA458E1AB97}
		{0D0C733B-62AA-45B2-B250-BFDE1E6073AE} = {0D0C733B-62AA-45B2-B250-BFDE1E6073AE}
		{DD09F861-A996-4F9C-87B3-8AE7FBBCF74E} = {DD09F861-A996-4F9C-87B3-8AE7FBBCF74E}
		{536BCE91-9AA3-447D-9A5F-1A0FF6FCE533} = {536BCE91-9AA3-447D-9A5F-1A0FF6FCE533}
		{0F54D797-C2FD-4C18-AC4E-7A6917997534} = {0F54D797-C2FD-4C18-AC4E-7A6917997534}
		{763BB4E3-C9A0-469F-98B4-8604A8484560} = {763BB4E3-C9A0-469F-98B4-8604A8484560}
		{59A1CFE7-1A93-41C9-BEFB-4A33FE2D997C} = {59A1CFE7-1A93-41C9-BEFB-4A33FE2D997C}
	EndProjectSection
EndProject
Project("{8BC9CEB8-8B4A-11D0-8D11-00A0C91BC942}") = "SDL_image", "..\..\..\SDL_image-1.2.7\VisualC\SDL_image-vc7.vcproj", "{2BD5534E-00E2-4BEA-AC96-D9A92EA24696}"
	ProjectSection(ProjectDependencies) = postProject
		{59A1CFE7-1A93-41C9-BEFB-4A33FE2D997C} = {59A1CFE7-1A93-41C9-BEFB-4A33FE2D997C}
	EndProjectSection
EndProject
Project("{8BC9CEB8-8B4A-11D0-8D11-00A0C91BC942}") = "mikmod", "..\..\..\SDL_mixer-1.2.8\VisualC\mikmod\mikmod-vc7.vcproj", "{07CC6507-C2F1-4855-83FB-E68F148DA16F}"
	ProjectSection(ProjectDependencies) = postProject
	EndProjectSection
EndProject
Project("{8BC9CEB8-8B4A-11D0-8D11-00A0C91BC942}") = "native_midi", "..\..\..\SDL_mixer-1.2.8\VisualC\native_midi\native_midi-vc7.vcproj", "{536BCE91-9AA3-447D-9A5F-1A0FF6FCE533}"
	ProjectSection(ProjectDependencies) = postProject
	EndProjectSection
EndProject
Project("{8BC9CEB8-8B4A-11D0-8D11-00A0C91BC942}") = "timidity", "..\..\..\SDL_mixer-1.2.8\VisualC\timidity\timidity-vc7.vcproj", "{763BB4E3-C9A0-469F-98B4-8604A8484560}"
	ProjectSection(ProjectDependencies) = postProject
	EndProjectSection
EndProject
Project("{8BC9CEB8-8B4A-11D0-8D11-00A0C91BC942}") = "ogg_dynamic", "..\..\..\libogg-1.1.3\win32\ogg_dynamic-vc7.vcproj", "{9503F50D-E494-4D2A-9ED1-92CAE426B501}"
	ProjectSection(ProjectDependencies) = postProject
	EndProjectSection
EndProject
Project("{8BC9CEB8-8B4A-11D0-8D11-00A0C91BC942}") = "vorbis_dynamic", "..\..\..\libvorbis-1.1.2\win32\vorbis_dynamic-vc7.vcproj", "{0D0C733B-62AA-45B2-B250-BFDE1E6073AE}"
	ProjectSection(ProjectDependencies) = postProject
	EndProjectSection
EndProject
Project("{8BC9CEB8-8B4A-11D0-8D11-00A0C91BC942}") = "smpeg", "..\..\..\smpeg-0.4.4\VisualC\smpeg-vc7.vcproj", "{DD09F861-A996-4F9C-87B3-8AE7FBBCF74E}"
	ProjectSection(ProjectDependencies) = postProject
		{7B4A121A-8375-4E9A-9138-DFA458E1AB97} = {7B4A121A-8375-4E9A-9138-DFA458E1AB97}
		{59A1CFE7-1A93-41C9-BEFB-4A33FE2D997C} = {59A1CFE7-1A93-41C9-BEFB-4A33FE2D997C}
	EndProjectSection
EndProject
Project("{8BC9CEB8-8B4A-11D0-8D11-00A0C91BC942}") = "libmve", "libmve\libmve-vc7.vcproj", "{D27227AC-13CC-4901-9F73-A184D7CB24AD}"
	ProjectSection(ProjectDependencies) = postProject
	EndProjectSection
EndProject
Project("{8BC9CEB8-8B4A-11D0-8D11-00A0C91BC942}") = "vorbisfile_dynamic", "..\..\..\libvorbis-1.1.2\win32\vorbisfile_dynamic-vc7.vcproj", "{0F54D797-C2FD-4C18-AC4E-7A6917997534}"
	ProjectSection(ProjectDependencies) = postProject
	EndProjectSection
EndProject
Global
	GlobalSection(SolutionConfiguration) = preSolution
		Debug = Debug
		Release = Release
		Release_NoSTDIO = Release_NoSTDIO
	EndGlobalSection
	GlobalSection(ProjectDependencies) = postSolution
	EndGlobalSection
	GlobalSection(ProjectConfiguration) = postSolution
		{1C9AA6BF-147B-4027-848A-B33038B49BFE}.Debug.ActiveCfg = Debug|Win32
		{1C9AA6BF-147B-4027-848A-B33038B49BFE}.Debug.Build.0 = Debug|Win32
		{1C9AA6BF-147B-4027-848A-B33038B49BFE}.Release.ActiveCfg = Release|Win32
		{1C9AA6BF-147B-4027-848A-B33038B49BFE}.Release.Build.0 = Release|Win32
		{1C9AA6BF-147B-4027-848A-B33038B49BFE}.Release_NoSTDIO.ActiveCfg = Release|Win32
		{1C9AA6BF-147B-4027-848A-B33038B49BFE}.Release_NoSTDIO.Build.0 = Release|Win32
		{59A1CFE7-1A93-41C9-BEFB-4A33FE2D997C}.Debug.ActiveCfg = Debug|Win32
		{59A1CFE7-1A93-41C9-BEFB-4A33FE2D997C}.Debug.Build.0 = Debug|Win32
		{59A1CFE7-1A93-41C9-BEFB-4A33FE2D997C}.Release.ActiveCfg = Release|Win32
		{59A1CFE7-1A93-41C9-BEFB-4A33FE2D997C}.Release.Build.0 = Release|Win32
		{59A1CFE7-1A93-41C9-BEFB-4A33FE2D997C}.Release_NoSTDIO.ActiveCfg = Release|Win32
		{59A1CFE7-1A93-41C9-BEFB-4A33FE2D997C}.Release_NoSTDIO.Build.0 = Release|Win32
		{7B4A121A-8375-4E9A-9138-DFA458E1AB97}.Debug.ActiveCfg = Debug|Win32
		{7B4A121A-8375-4E9A-9138-DFA458E1AB97}.Debug.Build.0 = Debug|Win32
		{7B4A121A-8375-4E9A-9138-DFA458E1AB97}.Release.ActiveCfg = Release|Win32
		{7B4A121A-8375-4E9A-9138-DFA458E1AB97}.Release.Build.0 = Release|Win32
		{7B4A121A-8375-4E9A-9138-DFA458E1AB97}.Release_NoSTDIO.ActiveCfg = Release_NoSTDIO|Win32
		{7B4A121A-8375-4E9A-9138-DFA458E1AB97}.Release_NoSTDIO.Build.0 = Release_NoSTDIO|Win32
		{CC8D236E-AF28-441D-9BE0-3B165F790796}.Debug.ActiveCfg = Debug|Win32
		{CC8D236E-AF28-441D-9BE0-3B165F790796}.Debug.Build.0 = Debug|Win32
		{CC8D236E-AF28-441D-9BE0-3B165F790796}.Release.ActiveCfg = Release|Win32
		{CC8D236E-AF28-441D-9BE0-3B165F790796}.Release.Build.0 = Release|Win32
		{CC8D236E-AF28-441D-9BE0-3B165F790796}.Release_NoSTDIO.ActiveCfg = Release|Win32
		{CC8D236E-AF28-441D-9BE0-3B165F790796}.Release_NoSTDIO.Build.0 = Release|Win32
		{2BD5534E-00E2-4BEA-AC96-D9A92EA24696}.Debug.ActiveCfg = Debug|Win32
		{2BD5534E-00E2-4BEA-AC96-D9A92EA24696}.Debug.Build.0 = Debug|Win32
		{2BD5534E-00E2-4BEA-AC96-D9A92EA24696}.Release.ActiveCfg = Release|Win32
		{2BD5534E-00E2-4BEA-AC96-D9A92EA24696}.Release.Build.0 = Release|Win32
		{2BD5534E-00E2-4BEA-AC96-D9A92EA24696}.Release_NoSTDIO.ActiveCfg = Release|Win32
		{2BD5534E-00E2-4BEA-AC96-D9A92EA24696}.Release_NoSTDIO.Build.0 = Release|Win32
		{07CC6507-C2F1-4855-83FB-E68F148DA16F}.Debug.ActiveCfg = Debug|Win32
		{07CC6507-C2F1-4855-83FB-E68F148DA16F}.Debug.Build.0 = Debug|Win32
		{07CC6507-C2F1-4855-83FB-E68F148DA16F}.Release.ActiveCfg = Release|Win32
		{07CC6507-C2F1-4855-83FB-E68F148DA16F}.Release.Build.0 = Release|Win32
		{07CC6507-C2F1-4855-83FB-E68F148DA16F}.Release_NoSTDIO.ActiveCfg = Release|Win32
		{07CC6507-C2F1-4855-83FB-E68F148DA16F}.Release_NoSTDIO.Build.0 = Release|Win32
		{536BCE91-9AA3-447D-9A5F-1A0FF6FCE533}.Debug.ActiveCfg = Debug|Win32
		{536BCE91-9AA3-447D-9A5F-1A0FF6FCE533}.Debug.Build.0 = Debug|Win32
		{536BCE91-9AA3-447D-9A5F-1A0FF6FCE533}.Release.ActiveCfg = Release|Win32
		{536BCE91-9AA3-447D-9A5F-1A0FF6FCE533}.Release.Build.0 = Release|Win32
		{536BCE91-9AA3-447D-9A5F-1A0FF6FCE533}.Release_NoSTDIO.ActiveCfg = Release|Win32
		{536BCE91-9AA3-447D-9A5F-1A0FF6FCE533}.Release_NoSTDIO.Build.0 = Release|Win32
		{763BB4E3-C9A0-469F-98B4-8604A8484560}.Debug.ActiveCfg = Debug|Win32
		{763BB4E3-C9A0-469F-98B4-8604A8484560}.Debug.Build.0 = Debug|Win32
		{763BB4E3-C9A0-469F-98B4-8604A8484560}.Release.ActiveCfg = Release|Win32
		{763BB4E3-C9A0-469F-98B4-8604A8484560}.Release.Build.0 = Release|Win32
		{763BB4E3-C9A0-469F-98B4-8604A8484560}.Release_NoSTDIO.ActiveCfg = Release|Win32
		{763BB4E3-C9A0-469F-98B4-8604A8484560}.Release_NoSTDIO.Build.0 = Release|Win32
		{9503F50D-E494-4D2A-9ED1-92CAE426B501}.Debug.ActiveCfg = Debug|Win32
		{9503F50D-E494-4D2A-9ED1-92CAE426B501}.Debug.Build.0 = Debug|Win32
		{9503F50D-E494-4D2A-9ED1-92CAE426B501}.Release.ActiveCfg = Release|Win32
		{9503F50D-E494-4D2A-9ED1-92CAE426B501}.Release.Build.0 = Release|Win32
		{9503F50D-E494-4D2A-9ED1-92CAE426B501}.Release_NoSTDIO.ActiveCfg = Release|Win32
		{9503F50D-E494-4D2A-9ED1-92CAE426B501}.Release_NoSTDIO.Build.0 = Release|Win32
		{0D0C733B-62AA-45B2-B250-BFDE1E6073AE}.Debug.ActiveCfg = Debug|Win32
		{0D0C733B-62AA-45B2-B250-BFDE1E6073AE}.Debug.Build.0 = Debug|Win32
		{0D0C733B-62AA-45B2-B250-BFDE1E6073AE}.Release.ActiveCfg = Release|Win32
		{0D0C733B-62AA-45B2-B250-BFDE1E6073AE}.Release.Build.0 = Release|Win32
		{0D0C733B-62AA-45B2-B250-BFDE1E6073AE}.Release_NoSTDIO.ActiveCfg = Release|Win32
		{0D0C733B-62AA-45B2-B250-BFDE1E6073AE}.Release_NoSTDIO.Build.0 = Release|Win32
		{DD09F861-A996-4F9C-87B3-8AE7FBBCF74E}.Debug.ActiveCfg = Debug|Win32
		{DD09F861-A996-4F9C-87B3-8AE7FBBCF74E}.Debug.Build.0 = Debug|Win32
		{DD09F861-A996-4F9C-87B3-8AE7FBBCF74E}.Release.ActiveCfg = Release|Win32
		{DD09F861-A996-4F9C-87B3-8AE7FBBCF74E}.Release.Build.0 = Release|Win32
		{DD09F861-A996-4F9C-87B3-8AE7FBBCF74E}.Release_NoSTDIO.ActiveCfg = Release|Win32
		{DD09F861-A996-4F9C-87B3-8AE7FBBCF74E}.Release_NoSTDIO.Build.0 = Release|Win32
		{D27227AC-13CC-4901-9F73-A184D7CB24AD}.Debug.ActiveCfg = Debug|Win32
		{D27227AC-13CC-4901-9F73-A184D7CB24AD}.Debug.Build.0 = Debug|Win32
		{D27227AC-13CC-4901-9F73-A184D7CB24AD}.Release.ActiveCfg = Release|Win32
		{D27227AC-13CC-4901-9F73-A184D7CB24AD}.Release.Build.0 = Release|Win32
		{D27227AC-13CC-4901-9F73-A184D7CB24AD}.Release_NoSTDIO.ActiveCfg = Release|Win32
		{D27227AC-13CC-4901-9F73-A184D7CB24AD}.Release_NoSTDIO.Build.0 = Release|Win32
		{0F54D797-C2FD-4C18-AC4E-7A6917997534}.Debug.ActiveCfg = Debug|Win32
		{0F54D797-C2FD-4C18-AC4E-7A6917997534}.Debug.Build.0 = Debug|Win32
		{0F54D797-C2FD-4C18-AC4E-7A6917997534}.Release.ActiveCfg = Release|Win32
		{0F54D797-C2FD-4C18-AC4E-7A6917997534}.Release.Build.0 = Release|Win32
		{0F54D797-C2FD-4C18-AC4E-7A6917997534}.Release_NoSTDIO.ActiveCfg = Release|Win32
		{0F54D797-C2FD-4C18-AC4E-7A6917997534}.Release_NoSTDIO.Build.0 = Release|Win32
	EndGlobalSection
	GlobalSection(ExtensibilityGlobals) = postSolution
	EndGlobalSection
	GlobalSection(ExtensibilityAddIns) = postSolution
	EndGlobalSection
EndGlobal
