Microsoft Visual Studio Solution File, Format Version 8.00
Project("{EAF909A5-FA59-4C3D-9431-0FCC20D5BCF9}") = "d2x-xl", "d2x-xl-vc7.icproj", "{7221CA6C-9B62-46B4-B1B1-14912249C902}"
	ProjectSection(ProjectDependencies) = postProject
		{60B3A721-46D6-47AF-A21A-EB00FC663D56} = {60B3A721-46D6-47AF-A21A-EB00FC663D56}
		{1C27B59C-BA35-4B5F-AA58-3EFCECE7B6AE} = {1C27B59C-BA35-4B5F-AA58-3EFCECE7B6AE}
		{008826F6-1A01-4B27-8187-463591C39530} = {008826F6-1A01-4B27-8187-463591C39530}
		{8F1D1E3D-64FD-4615-8121-E6E3FCD2C572} = {8F1D1E3D-64FD-4615-8121-E6E3FCD2C572}
		{8EF1274C-AC9B-4EAF-99D5-CC1D564FF391} = {8EF1274C-AC9B-4EAF-99D5-CC1D564FF391}
		{67905139-02B1-40DA-A028-2110F461B2E3} = {67905139-02B1-40DA-A028-2110F461B2E3}
		{732D2283-699C-49B3-B7FB-339858E44929} = {732D2283-699C-49B3-B7FB-339858E44929}
		{E7B88DD0-E589-4CDF-AA3F-90DE54C4FD89} = {E7B88DD0-E589-4CDF-AA3F-90DE54C4FD89}
		{0A69E6CB-65A5-4154-86B8-1DBFE237F341} = {0A69E6CB-65A5-4154-86B8-1DBFE237F341}
		{9CCBAB1E-0771-45CB-9DB8-2E8053D1C22E} = {9CCBAB1E-0771-45CB-9DB8-2E8053D1C22E}
		{93584355-6FBB-406A-83F8-A49CEB1E443D} = {93584355-6FBB-406A-83F8-A49CEB1E443D}
		{85FF79BB-A7D2-4BC6-AFC9-9E6B63756DCF} = {85FF79BB-A7D2-4BC6-AFC9-9E6B63756DCF}
	EndProjectSection
EndProject
Project("{EAF909A5-FA59-4C3D-9431-0FCC20D5BCF9}") = "SDL", "..\..\..\SDL-1.2.13\VisualC\SDL\SDL-vc7.icproj", "{85FF79BB-A7D2-4BC6-AFC9-9E6B63756DCF}"
	ProjectSection(ProjectDependencies) = postProject
		{008826F6-1A01-4B27-8187-463591C39530} = {008826F6-1A01-4B27-8187-463591C39530}
	EndProjectSection
EndProject
Project("{EAF909A5-FA59-4C3D-9431-0FCC20D5BCF9}") = "SDLmain", "..\..\..\SDL-1.2.13\VisualC\SDLmain\SDLmain-vc7.icproj", "{008826F6-1A01-4B27-8187-463591C39530}"
	ProjectSection(ProjectDependencies) = postProject
	EndProjectSection
EndProject
Project("{EAF909A5-FA59-4C3D-9431-0FCC20D5BCF9}") = "SDL_mixer", "..\..\..\SDL_mixer-1.2.8\VisualC\SDL_mixer-vc7.icproj", "{732D2283-699C-49B3-B7FB-339858E44929}"
	ProjectSection(ProjectDependencies) = postProject
		{60B3A721-46D6-47AF-A21A-EB00FC663D56} = {60B3A721-46D6-47AF-A21A-EB00FC663D56}
		{1C27B59C-BA35-4B5F-AA58-3EFCECE7B6AE} = {1C27B59C-BA35-4B5F-AA58-3EFCECE7B6AE}
		{008826F6-1A01-4B27-8187-463591C39530} = {008826F6-1A01-4B27-8187-463591C39530}
		{8F1D1E3D-64FD-4615-8121-E6E3FCD2C572} = {8F1D1E3D-64FD-4615-8121-E6E3FCD2C572}
		{67905139-02B1-40DA-A028-2110F461B2E3} = {67905139-02B1-40DA-A028-2110F461B2E3}
		{E7B88DD0-E589-4CDF-AA3F-90DE54C4FD89} = {E7B88DD0-E589-4CDF-AA3F-90DE54C4FD89}
		{0A69E6CB-65A5-4154-86B8-1DBFE237F341} = {0A69E6CB-65A5-4154-86B8-1DBFE237F341}
		{93584355-6FBB-406A-83F8-A49CEB1E443D} = {93584355-6FBB-406A-83F8-A49CEB1E443D}
		{85FF79BB-A7D2-4BC6-AFC9-9E6B63756DCF} = {85FF79BB-A7D2-4BC6-AFC9-9E6B63756DCF}
	EndProjectSection
EndProject
Project("{EAF909A5-FA59-4C3D-9431-0FCC20D5BCF9}") = "SDL_image", "..\..\..\SDL_image-1.2.7\VisualC\SDL_image-vc7.icproj", "{8EF1274C-AC9B-4EAF-99D5-CC1D564FF391}"
	ProjectSection(ProjectDependencies) = postProject
		{85FF79BB-A7D2-4BC6-AFC9-9E6B63756DCF} = {85FF79BB-A7D2-4BC6-AFC9-9E6B63756DCF}
	EndProjectSection
EndProject
Project("{EAF909A5-FA59-4C3D-9431-0FCC20D5BCF9}") = "mikmod", "..\..\..\SDL_mixer-1.2.8\VisualC\mikmod\mikmod-vc7.icproj", "{60B3A721-46D6-47AF-A21A-EB00FC663D56}"
	ProjectSection(ProjectDependencies) = postProject
	EndProjectSection
EndProject
Project("{EAF909A5-FA59-4C3D-9431-0FCC20D5BCF9}") = "native_midi", "..\..\..\SDL_mixer-1.2.8\VisualC\native_midi\native_midi-vc7.icproj", "{E7B88DD0-E589-4CDF-AA3F-90DE54C4FD89}"
	ProjectSection(ProjectDependencies) = postProject
	EndProjectSection
EndProject
Project("{EAF909A5-FA59-4C3D-9431-0FCC20D5BCF9}") = "timidity", "..\..\..\SDL_mixer-1.2.8\VisualC\timidity\timidity-vc7.icproj", "{93584355-6FBB-406A-83F8-A49CEB1E443D}"
	ProjectSection(ProjectDependencies) = postProject
	EndProjectSection
EndProject
Project("{EAF909A5-FA59-4C3D-9431-0FCC20D5BCF9}") = "ogg_dynamic", "..\..\..\libogg-1.1.3\win32\ogg_dynamic-vc7.icproj", "{1C27B59C-BA35-4B5F-AA58-3EFCECE7B6AE}"
	ProjectSection(ProjectDependencies) = postProject
	EndProjectSection
EndProject
Project("{EAF909A5-FA59-4C3D-9431-0FCC20D5BCF9}") = "vorbis_dynamic", "..\..\..\libvorbis-1.1.2\win32\vorbis_dynamic-vc7.icproj", "{8F1D1E3D-64FD-4615-8121-E6E3FCD2C572}"
	ProjectSection(ProjectDependencies) = postProject
	EndProjectSection
EndProject
Project("{EAF909A5-FA59-4C3D-9431-0FCC20D5BCF9}") = "smpeg", "..\..\..\smpeg-0.4.4\VisualC\smpeg-vc7.icproj", "{67905139-02B1-40DA-A028-2110F461B2E3}"
	ProjectSection(ProjectDependencies) = postProject
		{008826F6-1A01-4B27-8187-463591C39530} = {008826F6-1A01-4B27-8187-463591C39530}
		{85FF79BB-A7D2-4BC6-AFC9-9E6B63756DCF} = {85FF79BB-A7D2-4BC6-AFC9-9E6B63756DCF}
	EndProjectSection
EndProject
Project("{EAF909A5-FA59-4C3D-9431-0FCC20D5BCF9}") = "libmve", "libmve\libmve-vc7.icproj", "{9CCBAB1E-0771-45CB-9DB8-2E8053D1C22E}"
	ProjectSection(ProjectDependencies) = postProject
	EndProjectSection
EndProject
Project("{EAF909A5-FA59-4C3D-9431-0FCC20D5BCF9}") = "vorbisfile_dynamic", "..\..\..\libvorbis-1.1.2\win32\vorbisfile_dynamic-vc7.icproj", "{0A69E6CB-65A5-4154-86B8-1DBFE237F341}"
	ProjectSection(ProjectDependencies) = postProject
	EndProjectSection
EndProject
Global
	GlobalSection(SolutionConfiguration) = preSolution
		Debug = Debug
		Release = Release
		Release_NoSTDIO = Release_NoSTDIO
	EndGlobalSection
	GlobalSection(ProjectDependencies) = postSolution
	EndGlobalSection
	GlobalSection(ProjectConfiguration) = postSolution
		{7221CA6C-9B62-46B4-B1B1-14912249C902}.Debug.ActiveCfg = Debug|Win32
		{7221CA6C-9B62-46B4-B1B1-14912249C902}.Debug.Build.0 = Debug|Win32
		{7221CA6C-9B62-46B4-B1B1-14912249C902}.Release.ActiveCfg = Release|Win32
		{7221CA6C-9B62-46B4-B1B1-14912249C902}.Release.Build.0 = Release|Win32
		{7221CA6C-9B62-46B4-B1B1-14912249C902}.Release_NoSTDIO.ActiveCfg = Release|Win32
		{7221CA6C-9B62-46B4-B1B1-14912249C902}.Release_NoSTDIO.Build.0 = Release|Win32
		{85FF79BB-A7D2-4BC6-AFC9-9E6B63756DCF}.Debug.ActiveCfg = Debug|Win32
		{85FF79BB-A7D2-4BC6-AFC9-9E6B63756DCF}.Debug.Build.0 = Debug|Win32
		{85FF79BB-A7D2-4BC6-AFC9-9E6B63756DCF}.Release.ActiveCfg = Release|Win32
		{85FF79BB-A7D2-4BC6-AFC9-9E6B63756DCF}.Release.Build.0 = Release|Win32
		{85FF79BB-A7D2-4BC6-AFC9-9E6B63756DCF}.Release_NoSTDIO.ActiveCfg = Release|Win32
		{85FF79BB-A7D2-4BC6-AFC9-9E6B63756DCF}.Release_NoSTDIO.Build.0 = Release|Win32
		{008826F6-1A01-4B27-8187-463591C39530}.Debug.ActiveCfg = Debug|Win32
		{008826F6-1A01-4B27-8187-463591C39530}.Debug.Build.0 = Debug|Win32
		{008826F6-1A01-4B27-8187-463591C39530}.Release.ActiveCfg = Release|Win32
		{008826F6-1A01-4B27-8187-463591C39530}.Release.Build.0 = Release|Win32
		{008826F6-1A01-4B27-8187-463591C39530}.Release_NoSTDIO.ActiveCfg = Release_NoSTDIO|Win32
		{008826F6-1A01-4B27-8187-463591C39530}.Release_NoSTDIO.Build.0 = Release_NoSTDIO|Win32
		{732D2283-699C-49B3-B7FB-339858E44929}.Debug.ActiveCfg = Debug|Win32
		{732D2283-699C-49B3-B7FB-339858E44929}.Debug.Build.0 = Debug|Win32
		{732D2283-699C-49B3-B7FB-339858E44929}.Release.ActiveCfg = Release|Win32
		{732D2283-699C-49B3-B7FB-339858E44929}.Release.Build.0 = Release|Win32
		{732D2283-699C-49B3-B7FB-339858E44929}.Release_NoSTDIO.ActiveCfg = Release|Win32
		{732D2283-699C-49B3-B7FB-339858E44929}.Release_NoSTDIO.Build.0 = Release|Win32
		{8EF1274C-AC9B-4EAF-99D5-CC1D564FF391}.Debug.ActiveCfg = Debug|Win32
		{8EF1274C-AC9B-4EAF-99D5-CC1D564FF391}.Debug.Build.0 = Debug|Win32
		{8EF1274C-AC9B-4EAF-99D5-CC1D564FF391}.Release.ActiveCfg = Release|Win32
		{8EF1274C-AC9B-4EAF-99D5-CC1D564FF391}.Release.Build.0 = Release|Win32
		{8EF1274C-AC9B-4EAF-99D5-CC1D564FF391}.Release_NoSTDIO.ActiveCfg = Release|Win32
		{8EF1274C-AC9B-4EAF-99D5-CC1D564FF391}.Release_NoSTDIO.Build.0 = Release|Win32
		{60B3A721-46D6-47AF-A21A-EB00FC663D56}.Debug.ActiveCfg = Debug|Win32
		{60B3A721-46D6-47AF-A21A-EB00FC663D56}.Debug.Build.0 = Debug|Win32
		{60B3A721-46D6-47AF-A21A-EB00FC663D56}.Release.ActiveCfg = Release|Win32
		{60B3A721-46D6-47AF-A21A-EB00FC663D56}.Release.Build.0 = Release|Win32
		{60B3A721-46D6-47AF-A21A-EB00FC663D56}.Release_NoSTDIO.ActiveCfg = Release|Win32
		{60B3A721-46D6-47AF-A21A-EB00FC663D56}.Release_NoSTDIO.Build.0 = Release|Win32
		{E7B88DD0-E589-4CDF-AA3F-90DE54C4FD89}.Debug.ActiveCfg = Debug|Win32
		{E7B88DD0-E589-4CDF-AA3F-90DE54C4FD89}.Debug.Build.0 = Debug|Win32
		{E7B88DD0-E589-4CDF-AA3F-90DE54C4FD89}.Release.ActiveCfg = Release|Win32
		{E7B88DD0-E589-4CDF-AA3F-90DE54C4FD89}.Release.Build.0 = Release|Win32
		{E7B88DD0-E589-4CDF-AA3F-90DE54C4FD89}.Release_NoSTDIO.ActiveCfg = Release|Win32
		{E7B88DD0-E589-4CDF-AA3F-90DE54C4FD89}.Release_NoSTDIO.Build.0 = Release|Win32
		{93584355-6FBB-406A-83F8-A49CEB1E443D}.Debug.ActiveCfg = Debug|Win32
		{93584355-6FBB-406A-83F8-A49CEB1E443D}.Debug.Build.0 = Debug|Win32
		{93584355-6FBB-406A-83F8-A49CEB1E443D}.Release.ActiveCfg = Release|Win32
		{93584355-6FBB-406A-83F8-A49CEB1E443D}.Release.Build.0 = Release|Win32
		{93584355-6FBB-406A-83F8-A49CEB1E443D}.Release_NoSTDIO.ActiveCfg = Release|Win32
		{93584355-6FBB-406A-83F8-A49CEB1E443D}.Release_NoSTDIO.Build.0 = Release|Win32
		{1C27B59C-BA35-4B5F-AA58-3EFCECE7B6AE}.Debug.ActiveCfg = Debug|Win32
		{1C27B59C-BA35-4B5F-AA58-3EFCECE7B6AE}.Debug.Build.0 = Debug|Win32
		{1C27B59C-BA35-4B5F-AA58-3EFCECE7B6AE}.Release.ActiveCfg = Release|Win32
		{1C27B59C-BA35-4B5F-AA58-3EFCECE7B6AE}.Release.Build.0 = Release|Win32
		{1C27B59C-BA35-4B5F-AA58-3EFCECE7B6AE}.Release_NoSTDIO.ActiveCfg = Release|Win32
		{1C27B59C-BA35-4B5F-AA58-3EFCECE7B6AE}.Release_NoSTDIO.Build.0 = Release|Win32
		{8F1D1E3D-64FD-4615-8121-E6E3FCD2C572}.Debug.ActiveCfg = Debug|Win32
		{8F1D1E3D-64FD-4615-8121-E6E3FCD2C572}.Debug.Build.0 = Debug|Win32
		{8F1D1E3D-64FD-4615-8121-E6E3FCD2C572}.Release.ActiveCfg = Release|Win32
		{8F1D1E3D-64FD-4615-8121-E6E3FCD2C572}.Release.Build.0 = Release|Win32
		{8F1D1E3D-64FD-4615-8121-E6E3FCD2C572}.Release_NoSTDIO.ActiveCfg = Release|Win32
		{8F1D1E3D-64FD-4615-8121-E6E3FCD2C572}.Release_NoSTDIO.Build.0 = Release|Win32
		{67905139-02B1-40DA-A028-2110F461B2E3}.Debug.ActiveCfg = Debug|Win32
		{67905139-02B1-40DA-A028-2110F461B2E3}.Debug.Build.0 = Debug|Win32
		{67905139-02B1-40DA-A028-2110F461B2E3}.Release.ActiveCfg = Release|Win32
		{67905139-02B1-40DA-A028-2110F461B2E3}.Release.Build.0 = Release|Win32
		{67905139-02B1-40DA-A028-2110F461B2E3}.Release_NoSTDIO.ActiveCfg = Release|Win32
		{67905139-02B1-40DA-A028-2110F461B2E3}.Release_NoSTDIO.Build.0 = Release|Win32
		{9CCBAB1E-0771-45CB-9DB8-2E8053D1C22E}.Debug.ActiveCfg = Debug|Win32
		{9CCBAB1E-0771-45CB-9DB8-2E8053D1C22E}.Debug.Build.0 = Debug|Win32
		{9CCBAB1E-0771-45CB-9DB8-2E8053D1C22E}.Release.ActiveCfg = Release|Win32
		{9CCBAB1E-0771-45CB-9DB8-2E8053D1C22E}.Release.Build.0 = Release|Win32
		{9CCBAB1E-0771-45CB-9DB8-2E8053D1C22E}.Release_NoSTDIO.ActiveCfg = Release|Win32
		{9CCBAB1E-0771-45CB-9DB8-2E8053D1C22E}.Release_NoSTDIO.Build.0 = Release|Win32
		{0A69E6CB-65A5-4154-86B8-1DBFE237F341}.Debug.ActiveCfg = Debug|Win32
		{0A69E6CB-65A5-4154-86B8-1DBFE237F341}.Debug.Build.0 = Debug|Win32
		{0A69E6CB-65A5-4154-86B8-1DBFE237F341}.Release.ActiveCfg = Release|Win32
		{0A69E6CB-65A5-4154-86B8-1DBFE237F341}.Release.Build.0 = Release|Win32
		{0A69E6CB-65A5-4154-86B8-1DBFE237F341}.Release_NoSTDIO.ActiveCfg = Release|Win32
		{0A69E6CB-65A5-4154-86B8-1DBFE237F341}.Release_NoSTDIO.Build.0 = Release|Win32
		{1C9AA6BF-147B-4027-848A-B33038B49BFE}.Release_NoSTDIO.Build.0 = Release|Win32
		{1C9AA6BF-147B-4027-848A-B33038B49BFE}.Release_NoSTDIO.ActiveCfg = Release|Win32
		{1C9AA6BF-147B-4027-848A-B33038B49BFE}.Release.Build.0 = Release|Win32
		{1C9AA6BF-147B-4027-848A-B33038B49BFE}.Release.ActiveCfg = Release|Win32
		{1C9AA6BF-147B-4027-848A-B33038B49BFE}.Debug.Build.0 = Debug|Win32
		{1C9AA6BF-147B-4027-848A-B33038B49BFE}.Debug.ActiveCfg = Debug|Win32
		{59A1CFE7-1A93-41C9-BEFB-4A33FE2D997C}.Release_NoSTDIO.Build.0 = Release|Win32
		{59A1CFE7-1A93-41C9-BEFB-4A33FE2D997C}.Release_NoSTDIO.ActiveCfg = Release|Win32
		{59A1CFE7-1A93-41C9-BEFB-4A33FE2D997C}.Release.Build.0 = Release|Win32
		{59A1CFE7-1A93-41C9-BEFB-4A33FE2D997C}.Release.ActiveCfg = Release|Win32
		{59A1CFE7-1A93-41C9-BEFB-4A33FE2D997C}.Debug.Build.0 = Debug|Win32
		{59A1CFE7-1A93-41C9-BEFB-4A33FE2D997C}.Debug.ActiveCfg = Debug|Win32
		{7B4A121A-8375-4E9A-9138-DFA458E1AB97}.Release_NoSTDIO.Build.0 = Release_NoSTDIO|Win32
		{7B4A121A-8375-4E9A-9138-DFA458E1AB97}.Release_NoSTDIO.ActiveCfg = Release_NoSTDIO|Win32
		{7B4A121A-8375-4E9A-9138-DFA458E1AB97}.Release.Build.0 = Release|Win32
		{7B4A121A-8375-4E9A-9138-DFA458E1AB97}.Release.ActiveCfg = Release|Win32
		{7B4A121A-8375-4E9A-9138-DFA458E1AB97}.Debug.Build.0 = Debug|Win32
		{7B4A121A-8375-4E9A-9138-DFA458E1AB97}.Debug.ActiveCfg = Debug|Win32
		{CC8D236E-AF28-441D-9BE0-3B165F790796}.Release_NoSTDIO.Build.0 = Release|Win32
		{CC8D236E-AF28-441D-9BE0-3B165F790796}.Release_NoSTDIO.ActiveCfg = Release|Win32
		{CC8D236E-AF28-441D-9BE0-3B165F790796}.Release.Build.0 = Release|Win32
		{CC8D236E-AF28-441D-9BE0-3B165F790796}.Release.ActiveCfg = Release|Win32
		{CC8D236E-AF28-441D-9BE0-3B165F790796}.Debug.Build.0 = Debug|Win32
		{CC8D236E-AF28-441D-9BE0-3B165F790796}.Debug.ActiveCfg = Debug|Win32
		{2BD5534E-00E2-4BEA-AC96-D9A92EA24696}.Release_NoSTDIO.Build.0 = Release|Win32
		{2BD5534E-00E2-4BEA-AC96-D9A92EA24696}.Release_NoSTDIO.ActiveCfg = Release|Win32
		{2BD5534E-00E2-4BEA-AC96-D9A92EA24696}.Release.Build.0 = Release|Win32
		{2BD5534E-00E2-4BEA-AC96-D9A92EA24696}.Release.ActiveCfg = Release|Win32
		{2BD5534E-00E2-4BEA-AC96-D9A92EA24696}.Debug.Build.0 = Debug|Win32
		{2BD5534E-00E2-4BEA-AC96-D9A92EA24696}.Debug.ActiveCfg = Debug|Win32
		{07CC6507-C2F1-4855-83FB-E68F148DA16F}.Release_NoSTDIO.Build.0 = Release|Win32
		{07CC6507-C2F1-4855-83FB-E68F148DA16F}.Release_NoSTDIO.ActiveCfg = Release|Win32
		{07CC6507-C2F1-4855-83FB-E68F148DA16F}.Release.Build.0 = Release|Win32
		{07CC6507-C2F1-4855-83FB-E68F148DA16F}.Release.ActiveCfg = Release|Win32
		{07CC6507-C2F1-4855-83FB-E68F148DA16F}.Debug.Build.0 = Debug|Win32
		{07CC6507-C2F1-4855-83FB-E68F148DA16F}.Debug.ActiveCfg = Debug|Win32
		{536BCE91-9AA3-447D-9A5F-1A0FF6FCE533}.Release_NoSTDIO.Build.0 = Release|Win32
		{536BCE91-9AA3-447D-9A5F-1A0FF6FCE533}.Release_NoSTDIO.ActiveCfg = Release|Win32
		{536BCE91-9AA3-447D-9A5F-1A0FF6FCE533}.Release.Build.0 = Release|Win32
		{536BCE91-9AA3-447D-9A5F-1A0FF6FCE533}.Release.ActiveCfg = Release|Win32
		{536BCE91-9AA3-447D-9A5F-1A0FF6FCE533}.Debug.Build.0 = Debug|Win32
		{536BCE91-9AA3-447D-9A5F-1A0FF6FCE533}.Debug.ActiveCfg = Debug|Win32
		{763BB4E3-C9A0-469F-98B4-8604A8484560}.Release_NoSTDIO.Build.0 = Release|Win32
		{763BB4E3-C9A0-469F-98B4-8604A8484560}.Release_NoSTDIO.ActiveCfg = Release|Win32
		{763BB4E3-C9A0-469F-98B4-8604A8484560}.Release.Build.0 = Release|Win32
		{763BB4E3-C9A0-469F-98B4-8604A8484560}.Release.ActiveCfg = Release|Win32
		{763BB4E3-C9A0-469F-98B4-8604A8484560}.Debug.Build.0 = Debug|Win32
		{763BB4E3-C9A0-469F-98B4-8604A8484560}.Debug.ActiveCfg = Debug|Win32
		{9503F50D-E494-4D2A-9ED1-92CAE426B501}.Release_NoSTDIO.Build.0 = Release|Win32
		{9503F50D-E494-4D2A-9ED1-92CAE426B501}.Release_NoSTDIO.ActiveCfg = Release|Win32
		{9503F50D-E494-4D2A-9ED1-92CAE426B501}.Release.Build.0 = Release|Win32
		{9503F50D-E494-4D2A-9ED1-92CAE426B501}.Release.ActiveCfg = Release|Win32
		{9503F50D-E494-4D2A-9ED1-92CAE426B501}.Debug.Build.0 = Debug|Win32
		{9503F50D-E494-4D2A-9ED1-92CAE426B501}.Debug.ActiveCfg = Debug|Win32
		{0D0C733B-62AA-45B2-B250-BFDE1E6073AE}.Release_NoSTDIO.Build.0 = Release|Win32
		{0D0C733B-62AA-45B2-B250-BFDE1E6073AE}.Release_NoSTDIO.ActiveCfg = Release|Win32
		{0D0C733B-62AA-45B2-B250-BFDE1E6073AE}.Release.Build.0 = Release|Win32
		{0D0C733B-62AA-45B2-B250-BFDE1E6073AE}.Release.ActiveCfg = Release|Win32
		{0D0C733B-62AA-45B2-B250-BFDE1E6073AE}.Debug.Build.0 = Debug|Win32
		{0D0C733B-62AA-45B2-B250-BFDE1E6073AE}.Debug.ActiveCfg = Debug|Win32
		{DD09F861-A996-4F9C-87B3-8AE7FBBCF74E}.Release_NoSTDIO.Build.0 = Release|Win32
		{DD09F861-A996-4F9C-87B3-8AE7FBBCF74E}.Release_NoSTDIO.ActiveCfg = Release|Win32
		{DD09F861-A996-4F9C-87B3-8AE7FBBCF74E}.Release.Build.0 = Release|Win32
		{DD09F861-A996-4F9C-87B3-8AE7FBBCF74E}.Release.ActiveCfg = Release|Win32
		{DD09F861-A996-4F9C-87B3-8AE7FBBCF74E}.Debug.Build.0 = Debug|Win32
		{DD09F861-A996-4F9C-87B3-8AE7FBBCF74E}.Debug.ActiveCfg = Debug|Win32
		{D27227AC-13CC-4901-9F73-A184D7CB24AD}.Release_NoSTDIO.Build.0 = Release|Win32
		{D27227AC-13CC-4901-9F73-A184D7CB24AD}.Release_NoSTDIO.ActiveCfg = Release|Win32
		{D27227AC-13CC-4901-9F73-A184D7CB24AD}.Release.Build.0 = Release|Win32
		{D27227AC-13CC-4901-9F73-A184D7CB24AD}.Release.ActiveCfg = Release|Win32
		{D27227AC-13CC-4901-9F73-A184D7CB24AD}.Debug.Build.0 = Debug|Win32
		{D27227AC-13CC-4901-9F73-A184D7CB24AD}.Debug.ActiveCfg = Debug|Win32
		{0F54D797-C2FD-4C18-AC4E-7A6917997534}.Release_NoSTDIO.Build.0 = Release|Win32
		{0F54D797-C2FD-4C18-AC4E-7A6917997534}.Release_NoSTDIO.ActiveCfg = Release|Win32
		{0F54D797-C2FD-4C18-AC4E-7A6917997534}.Release.Build.0 = Release|Win32
		{0F54D797-C2FD-4C18-AC4E-7A6917997534}.Release.ActiveCfg = Release|Win32
		{0F54D797-C2FD-4C18-AC4E-7A6917997534}.Debug.Build.0 = Debug|Win32
		{0F54D797-C2FD-4C18-AC4E-7A6917997534}.Debug.ActiveCfg = Debug|Win32
	EndGlobalSection
	GlobalSection(ExtensibilityGlobals) = postSolution
	EndGlobalSection
	GlobalSection(ExtensibilityAddIns) = postSolution
	EndGlobalSection
EndGlobal
