Microsoft Visual Studio Solution File, Format Version 8.00
Project("{8BC9CEB8-8B4A-11D0-8D11-00A0C91BC942}") = "d2x-xl", "d2xgl\d2xgl.vcproj", "{C1E0EC9B-85DA-4EA5-8EB1-6697972E2C71}"
	ProjectSection(ProjectDependencies) = postProject
		{08CD8022-B9E7-475E-9086-8983235E7BF3} = {08CD8022-B9E7-475E-9086-8983235E7BF3}
		{50387B26-21D7-40D8-AFCF-CD146CB9F000} = {50387B26-21D7-40D8-AFCF-CD146CB9F000}
		{483FE74C-36E8-4D2E-AED7-94D16B73512B} = {483FE74C-36E8-4D2E-AED7-94D16B73512B}
		{33813368-4BF7-496C-BEBC-F06002589417} = {33813368-4BF7-496C-BEBC-F06002589417}
		{4E8566DB-CBAC-4B9A-81B5-09BB85090326} = {4E8566DB-CBAC-4B9A-81B5-09BB85090326}
		{F7D104E8-CDA0-4D78-B2B1-6F14631B2953} = {F7D104E8-CDA0-4D78-B2B1-6F14631B2953}
		{150E33EE-66A7-4794-8C02-420E9C6D8660} = {150E33EE-66A7-4794-8C02-420E9C6D8660}
	EndProjectSection
EndProject
Project("{8BC9CEB8-8B4A-11D0-8D11-00A0C91BC942}") = "libmve", "libmve\libmve.vcproj", "{150E33EE-66A7-4794-8C02-420E9C6D8660}"
	ProjectSection(ProjectDependencies) = postProject
	EndProjectSection
EndProject
Project("{8BC9CEB8-8B4A-11D0-8D11-00A0C91BC942}") = "mikmod", "..\..\SDL_mixer-1.2.7\VisualC\mikmod\mikmod.vcproj", "{50387B26-21D7-40D8-AFCF-CD146CB9F000}"
	ProjectSection(ProjectDependencies) = postProject
	EndProjectSection
EndProject
Project("{8BC9CEB8-8B4A-11D0-8D11-00A0C91BC942}") = "native_midi", "..\..\SDL_mixer-1.2.7\VisualC\native_midi\native_midi.vcproj", "{F7D104E8-CDA0-4D78-B2B1-6F14631B2953}"
	ProjectSection(ProjectDependencies) = postProject
	EndProjectSection
EndProject
Project("{8BC9CEB8-8B4A-11D0-8D11-00A0C91BC942}") = "timidity", "..\..\SDL_mixer-1.2.7\VisualC\timidity\timidity.vcproj", "{08CD8022-B9E7-475E-9086-8983235E7BF3}"
	ProjectSection(ProjectDependencies) = postProject
	EndProjectSection
EndProject
Project("{8BC9CEB8-8B4A-11D0-8D11-00A0C91BC942}") = "SDL_mixer", "..\..\SDL_mixer-1.2.7\VisualC\SDL_mixer.vcproj", "{4E8566DB-CBAC-4B9A-81B5-09BB85090326}"
	ProjectSection(ProjectDependencies) = postProject
		{08CD8022-B9E7-475E-9086-8983235E7BF3} = {08CD8022-B9E7-475E-9086-8983235E7BF3}
		{50387B26-21D7-40D8-AFCF-CD146CB9F000} = {50387B26-21D7-40D8-AFCF-CD146CB9F000}
		{F7D104E8-CDA0-4D78-B2B1-6F14631B2953} = {F7D104E8-CDA0-4D78-B2B1-6F14631B2953}
	EndProjectSection
EndProject
Project("{8BC9CEB8-8B4A-11D0-8D11-00A0C91BC942}") = "SDL", "..\..\SDL-1.2.11\VisualC\SDL\SDL.vcproj", "{33813368-4BF7-496C-BEBC-F06002589417}"
	ProjectSection(ProjectDependencies) = postProject
	EndProjectSection
EndProject
Project("{8BC9CEB8-8B4A-11D0-8D11-00A0C91BC942}") = "SDLmain", "..\..\SDL-1.2.11\VisualC\SDLmain\SDLmain.vcproj", "{483FE74C-36E8-4D2E-AED7-94D16B73512B}"
	ProjectSection(ProjectDependencies) = postProject
	EndProjectSection
EndProject
Global
	GlobalSection(SolutionConfiguration) = preSolution
		Debug = Debug
		Demo = Demo
		Release = Release
		Release_NoSTDIO = Release_NoSTDIO
	EndGlobalSection
	GlobalSection(ProjectConfiguration) = postSolution
		{C1E0EC9B-85DA-4EA5-8EB1-6697972E2C71}.Debug.ActiveCfg = Debug|Win32
		{C1E0EC9B-85DA-4EA5-8EB1-6697972E2C71}.Debug.Build.0 = Debug|Win32
		{C1E0EC9B-85DA-4EA5-8EB1-6697972E2C71}.Demo.ActiveCfg = Debug|Win32
		{C1E0EC9B-85DA-4EA5-8EB1-6697972E2C71}.Demo.Build.0 = Debug|Win32
		{C1E0EC9B-85DA-4EA5-8EB1-6697972E2C71}.Release.ActiveCfg = Release|Win32
		{C1E0EC9B-85DA-4EA5-8EB1-6697972E2C71}.Release.Build.0 = Release|Win32
		{C1E0EC9B-85DA-4EA5-8EB1-6697972E2C71}.Release_NoSTDIO.ActiveCfg = Release|Win32
		{C1E0EC9B-85DA-4EA5-8EB1-6697972E2C71}.Release_NoSTDIO.Build.0 = Release|Win32
		{150E33EE-66A7-4794-8C02-420E9C6D8660}.Debug.ActiveCfg = Debug|Win32
		{150E33EE-66A7-4794-8C02-420E9C6D8660}.Debug.Build.0 = Debug|Win32
		{150E33EE-66A7-4794-8C02-420E9C6D8660}.Demo.ActiveCfg = Debug|Win32
		{150E33EE-66A7-4794-8C02-420E9C6D8660}.Demo.Build.0 = Debug|Win32
		{150E33EE-66A7-4794-8C02-420E9C6D8660}.Release.ActiveCfg = Release|Win32
		{150E33EE-66A7-4794-8C02-420E9C6D8660}.Release.Build.0 = Release|Win32
		{150E33EE-66A7-4794-8C02-420E9C6D8660}.Release_NoSTDIO.ActiveCfg = Release|Win32
		{150E33EE-66A7-4794-8C02-420E9C6D8660}.Release_NoSTDIO.Build.0 = Release|Win32
		{50387B26-21D7-40D8-AFCF-CD146CB9F000}.Debug.ActiveCfg = Debug|Win32
		{50387B26-21D7-40D8-AFCF-CD146CB9F000}.Debug.Build.0 = Debug|Win32
		{50387B26-21D7-40D8-AFCF-CD146CB9F000}.Demo.ActiveCfg = Debug|Win32
		{50387B26-21D7-40D8-AFCF-CD146CB9F000}.Demo.Build.0 = Debug|Win32
		{50387B26-21D7-40D8-AFCF-CD146CB9F000}.Release.ActiveCfg = Release|Win32
		{50387B26-21D7-40D8-AFCF-CD146CB9F000}.Release.Build.0 = Release|Win32
		{50387B26-21D7-40D8-AFCF-CD146CB9F000}.Release_NoSTDIO.ActiveCfg = Release|Win32
		{50387B26-21D7-40D8-AFCF-CD146CB9F000}.Release_NoSTDIO.Build.0 = Release|Win32
		{F7D104E8-CDA0-4D78-B2B1-6F14631B2953}.Debug.ActiveCfg = Debug|Win32
		{F7D104E8-CDA0-4D78-B2B1-6F14631B2953}.Debug.Build.0 = Debug|Win32
		{F7D104E8-CDA0-4D78-B2B1-6F14631B2953}.Demo.ActiveCfg = Debug|Win32
		{F7D104E8-CDA0-4D78-B2B1-6F14631B2953}.Demo.Build.0 = Debug|Win32
		{F7D104E8-CDA0-4D78-B2B1-6F14631B2953}.Release.ActiveCfg = Release|Win32
		{F7D104E8-CDA0-4D78-B2B1-6F14631B2953}.Release.Build.0 = Release|Win32
		{F7D104E8-CDA0-4D78-B2B1-6F14631B2953}.Release_NoSTDIO.ActiveCfg = Release|Win32
		{F7D104E8-CDA0-4D78-B2B1-6F14631B2953}.Release_NoSTDIO.Build.0 = Release|Win32
		{08CD8022-B9E7-475E-9086-8983235E7BF3}.Debug.ActiveCfg = Debug|Win32
		{08CD8022-B9E7-475E-9086-8983235E7BF3}.Debug.Build.0 = Debug|Win32
		{08CD8022-B9E7-475E-9086-8983235E7BF3}.Demo.ActiveCfg = Debug|Win32
		{08CD8022-B9E7-475E-9086-8983235E7BF3}.Demo.Build.0 = Debug|Win32
		{08CD8022-B9E7-475E-9086-8983235E7BF3}.Release.ActiveCfg = Release|Win32
		{08CD8022-B9E7-475E-9086-8983235E7BF3}.Release.Build.0 = Release|Win32
		{08CD8022-B9E7-475E-9086-8983235E7BF3}.Release_NoSTDIO.ActiveCfg = Release|Win32
		{08CD8022-B9E7-475E-9086-8983235E7BF3}.Release_NoSTDIO.Build.0 = Release|Win32
		{4E8566DB-CBAC-4B9A-81B5-09BB85090326}.Debug.ActiveCfg = Debug|Win32
		{4E8566DB-CBAC-4B9A-81B5-09BB85090326}.Debug.Build.0 = Debug|Win32
		{4E8566DB-CBAC-4B9A-81B5-09BB85090326}.Demo.ActiveCfg = Debug|Win32
		{4E8566DB-CBAC-4B9A-81B5-09BB85090326}.Demo.Build.0 = Debug|Win32
		{4E8566DB-CBAC-4B9A-81B5-09BB85090326}.Release.ActiveCfg = Release|Win32
		{4E8566DB-CBAC-4B9A-81B5-09BB85090326}.Release.Build.0 = Release|Win32
		{4E8566DB-CBAC-4B9A-81B5-09BB85090326}.Release_NoSTDIO.ActiveCfg = Release|Win32
		{4E8566DB-CBAC-4B9A-81B5-09BB85090326}.Release_NoSTDIO.Build.0 = Release|Win32
		{33813368-4BF7-496C-BEBC-F06002589417}.Debug.ActiveCfg = Debug|Win32
		{33813368-4BF7-496C-BEBC-F06002589417}.Debug.Build.0 = Debug|Win32
		{33813368-4BF7-496C-BEBC-F06002589417}.Demo.ActiveCfg = Debug|Win32
		{33813368-4BF7-496C-BEBC-F06002589417}.Demo.Build.0 = Debug|Win32
		{33813368-4BF7-496C-BEBC-F06002589417}.Release.ActiveCfg = Release|Win32
		{33813368-4BF7-496C-BEBC-F06002589417}.Release.Build.0 = Release|Win32
		{33813368-4BF7-496C-BEBC-F06002589417}.Release_NoSTDIO.ActiveCfg = Release|Win32
		{33813368-4BF7-496C-BEBC-F06002589417}.Release_NoSTDIO.Build.0 = Release|Win32
		{483FE74C-36E8-4D2E-AED7-94D16B73512B}.Debug.ActiveCfg = Debug|Win32
		{483FE74C-36E8-4D2E-AED7-94D16B73512B}.Debug.Build.0 = Debug|Win32
		{483FE74C-36E8-4D2E-AED7-94D16B73512B}.Demo.ActiveCfg = Debug|Win32
		{483FE74C-36E8-4D2E-AED7-94D16B73512B}.Demo.Build.0 = Debug|Win32
		{483FE74C-36E8-4D2E-AED7-94D16B73512B}.Release.ActiveCfg = Release|Win32
		{483FE74C-36E8-4D2E-AED7-94D16B73512B}.Release.Build.0 = Release|Win32
		{483FE74C-36E8-4D2E-AED7-94D16B73512B}.Release_NoSTDIO.ActiveCfg = Release_NoSTDIO|Win32
		{483FE74C-36E8-4D2E-AED7-94D16B73512B}.Release_NoSTDIO.Build.0 = Release_NoSTDIO|Win32
	EndGlobalSection
	GlobalSection(ExtensibilityGlobals) = postSolution
	EndGlobalSection
	GlobalSection(ExtensibilityAddIns) = postSolution
	EndGlobalSection
EndGlobal
